// !$*UTF8*$!
{
	archiveVersion = 1;
	classes = {
	};
	objectVersion = 77;
	objects = {

/* Begin PBXBuildFile section */
		7C62A5E02D57599300E25F4F /* Assets.xcassets in Resources */ = {isa = PBXBuildFile; fileRef = 7C62A5D42D57599300E25F4F /* Assets.xcassets */; };
		7C62A5E22D57599300E25F4F /* LaunchScreen.storyboard in Resources */ = {isa = PBXBuildFile; fileRef = 7C62A5DB2D57599300E25F4F /* LaunchScreen.storyboard */; };
		7C62A5E42D57599300E25F4F /* AppDelegate.swift in Sources */ = {isa = PBXBuildFile; fileRef = 7C62A5D62D57599300E25F4F /* AppDelegate.swift */; };
		7C62A5E52D57599300E25F4F /* SceneDelegate.swift in Sources */ = {isa = PBXBuildFile; fileRef = 7C62A5D82D57599300E25F4F /* SceneDelegate.swift */; };
		7C62A5EA2D575A5400E25F4F /* TabBarViewController.swift in Sources */ = {isa = PBXBuildFile; fileRef = 7C62A5E92D575A4800E25F4F /* TabBarViewController.swift */; };
		7C62A5EE2D575B2900E25F4F /* HomeViewController.xib in Resources */ = {isa = PBXBuildFile; fileRef = 7C62A5ED2D575B2900E25F4F /* HomeViewController.xib */; };
		7C62A5EF2D575B2900E25F4F /* HomeViewController.swift in Sources */ = {isa = PBXBuildFile; fileRef = 7C62A5EC2D575B2900E25F4F /* HomeViewController.swift */; };
/* End PBXBuildFile section */

/* Begin PBXContainerItemProxy section */
		7C62A5B42D5754EE00E25F4F /* PBXContainerItemProxy */ = {
			isa = PBXContainerItemProxy;
			containerPortal = 7C62A5952D5754EC00E25F4F /* Project object */;
			proxyType = 1;
			remoteGlobalIDString = 7C62A59C2D5754EC00E25F4F;
			remoteInfo = OBBilyoner;
		};
		7C62A5BE2D5754EE00E25F4F /* PBXContainerItemProxy */ = {
			isa = PBXContainerItemProxy;
			containerPortal = 7C62A5952D5754EC00E25F4F /* Project object */;
			proxyType = 1;
			remoteGlobalIDString = 7C62A59C2D5754EC00E25F4F;
			remoteInfo = OBBilyoner;
		};
/* End PBXContainerItemProxy section */

/* Begin PBXFileReference section */
		7C62A59D2D5754EC00E25F4F /* OBBilyoner.app */ = {isa = PBXFileReference; explicitFileType = wrapper.application; includeInIndex = 0; path = OBBilyoner.app; sourceTree = BUILT_PRODUCTS_DIR; };
		7C62A5B32D5754EE00E25F4F /* OBBilyonerTests.xctest */ = {isa = PBXFileReference; explicitFileType = wrapper.cfbundle; includeInIndex = 0; path = OBBilyonerTests.xctest; sourceTree = BUILT_PRODUCTS_DIR; };
		7C62A5BD2D5754EE00E25F4F /* OBBilyonerUITests.xctest */ = {isa = PBXFileReference; explicitFileType = wrapper.cfbundle; includeInIndex = 0; path = OBBilyonerUITests.xctest; sourceTree = BUILT_PRODUCTS_DIR; };
		7C62A5D42D57599300E25F4F /* Assets.xcassets */ = {isa = PBXFileReference; lastKnownFileType = folder.assetcatalog; path = Assets.xcassets; sourceTree = "<group>"; };
		7C62A5D62D57599300E25F4F /* AppDelegate.swift */ = {isa = PBXFileReference; lastKnownFileType = sourcecode.swift; path = AppDelegate.swift; sourceTree = "<group>"; };
		7C62A5D72D57599300E25F4F /* Info.plist */ = {isa = PBXFileReference; lastKnownFileType = text.plist.xml; path = Info.plist; sourceTree = "<group>"; };
		7C62A5D82D57599300E25F4F /* SceneDelegate.swift */ = {isa = PBXFileReference; lastKnownFileType = sourcecode.swift; path = SceneDelegate.swift; sourceTree = "<group>"; };
		7C62A5DA2D57599300E25F4F /* Base */ = {isa = PBXFileReference; lastKnownFileType = file.storyboard; name = Base; path = Base.lproj/LaunchScreen.storyboard; sourceTree = "<group>"; };
		7C62A5E92D575A4800E25F4F /* TabBarViewController.swift */ = {isa = PBXFileReference; lastKnownFileType = sourcecode.swift; path = TabBarViewController.swift; sourceTree = "<group>"; };
		7C62A5EC2D575B2900E25F4F /* HomeViewController.swift */ = {isa = PBXFileReference; lastKnownFileType = sourcecode.swift; path = HomeViewController.swift; sourceTree = "<group>"; };
		7C62A5ED2D575B2900E25F4F /* HomeViewController.xib */ = {isa = PBXFileReference; lastKnownFileType = file.xib; path = HomeViewController.xib; sourceTree = "<group>"; };
/* End PBXFileReference section */

/* Begin PBXFileSystemSynchronizedRootGroup section */
		7C62A5B62D5754EE00E25F4F /* OBBilyonerTests */ = {
			isa = PBXFileSystemSynchronizedRootGroup;
			path = OBBilyonerTests;
			sourceTree = "<group>";
		};
		7C62A5C02D5754EE00E25F4F /* OBBilyonerUITests */ = {
			isa = PBXFileSystemSynchronizedRootGroup;
			path = OBBilyonerUITests;
			sourceTree = "<group>";
		};
/* End PBXFileSystemSynchronizedRootGroup section */

/* Begin PBXFrameworksBuildPhase section */
		7C62A59A2D5754EC00E25F4F /* Frameworks */ = {
			isa = PBXFrameworksBuildPhase;
			buildActionMask = 2147483647;
			files = (
			);
			runOnlyForDeploymentPostprocessing = 0;
		};
		7C62A5B02D5754EE00E25F4F /* Frameworks */ = {
			isa = PBXFrameworksBuildPhase;
			buildActionMask = 2147483647;
			files = (
			);
			runOnlyForDeploymentPostprocessing = 0;
		};
		7C62A5BA2D5754EE00E25F4F /* Frameworks */ = {
			isa = PBXFrameworksBuildPhase;
			buildActionMask = 2147483647;
			files = (
			);
			runOnlyForDeploymentPostprocessing = 0;
		};
/* End PBXFrameworksBuildPhase section */

/* Begin PBXGroup section */
		7C62A5942D5754EC00E25F4F = {
			isa = PBXGroup;
			children = (
				7C62A5DF2D57599300E25F4F /* OBBilyoner */,
				7C62A5B62D5754EE00E25F4F /* OBBilyonerTests */,
				7C62A5C02D5754EE00E25F4F /* OBBilyonerUITests */,
				7C62A59E2D5754EC00E25F4F /* Products */,
			);
			sourceTree = "<group>";
		};
		7C62A59E2D5754EC00E25F4F /* Products */ = {
			isa = PBXGroup;
			children = (
				7C62A59D2D5754EC00E25F4F /* OBBilyoner.app */,
				7C62A5B32D5754EE00E25F4F /* OBBilyonerTests.xctest */,
				7C62A5BD2D5754EE00E25F4F /* OBBilyonerUITests.xctest */,
			);
			name = Products;
			sourceTree = "<group>";
		};
		7C62A5D52D57599300E25F4F /* Resources */ = {
			isa = PBXGroup;
			children = (
				7C62A5D42D57599300E25F4F /* Assets.xcassets */,
			);
			path = Resources;
			sourceTree = "<group>";
		};
		7C62A5D92D57599300E25F4F /* SupportFiles */ = {
			isa = PBXGroup;
			children = (
				7C62A5D62D57599300E25F4F /* AppDelegate.swift */,
				7C62A5D72D57599300E25F4F /* Info.plist */,
				7C62A5D82D57599300E25F4F /* SceneDelegate.swift */,
			);
			path = SupportFiles;
			sourceTree = "<group>";
		};
		7C62A5DF2D57599300E25F4F /* OBBilyoner */ = {
			isa = PBXGroup;
			children = (
				7C62A5E72D5759DB00E25F4F /* Main */,
				7C62A5D52D57599300E25F4F /* Resources */,
				7C62A5D92D57599300E25F4F /* SupportFiles */,
				7C62A5DB2D57599300E25F4F /* LaunchScreen.storyboard */,
			);
			path = OBBilyoner;
			sourceTree = "<group>";
		};
		7C62A5E72D5759DB00E25F4F /* Main */ = {
			isa = PBXGroup;
			children = (
				7C62A5E82D575A4000E25F4F /* TabBar */,
				7C62A5EB2D575B0100E25F4F /* Home */,
			);
			path = Main;
			sourceTree = "<group>";
		};
		7C62A5E82D575A4000E25F4F /* TabBar */ = {
			isa = PBXGroup;
			children = (
				7C62A5E92D575A4800E25F4F /* TabBarViewController.swift */,
			);
			path = TabBar;
			sourceTree = "<group>";
		};
		7C62A5EB2D575B0100E25F4F /* Home */ = {
			isa = PBXGroup;
			children = (
				7C62A5EC2D575B2900E25F4F /* HomeViewController.swift */,
				7C62A5ED2D575B2900E25F4F /* HomeViewController.xib */,
			);
			path = Home;
			sourceTree = "<group>";
		};
/* End PBXGroup section */

/* Begin PBXNativeTarget section */
		7C62A59C2D5754EC00E25F4F /* OBBilyoner */ = {
			isa = PBXNativeTarget;
			buildConfigurationList = 7C62A5C62D5754EE00E25F4F /* Build configuration list for PBXNativeTarget "OBBilyoner" */;
			buildPhases = (
				7C62A5992D5754EC00E25F4F /* Sources */,
				7C62A59A2D5754EC00E25F4F /* Frameworks */,
				7C62A59B2D5754EC00E25F4F /* Resources */,
			);
			buildRules = (
			);
			dependencies = (
			);
			name = OBBilyoner;
			packageProductDependencies = (
			);
			productName = OBBilyoner;
			productReference = 7C62A59D2D5754EC00E25F4F /* OBBilyoner.app */;
			productType = "com.apple.product-type.application";
		};
		7C62A5B22D5754EE00E25F4F /* OBBilyonerTests */ = {
			isa = PBXNativeTarget;
			buildConfigurationList = 7C62A5CB2D5754EE00E25F4F /* Build configuration list for PBXNativeTarget "OBBilyonerTests" */;
			buildPhases = (
				7C62A5AF2D5754EE00E25F4F /* Sources */,
				7C62A5B02D5754EE00E25F4F /* Frameworks */,
				7C62A5B12D5754EE00E25F4F /* Resources */,
			);
			buildRules = (
			);
			dependencies = (
				7C62A5B52D5754EE00E25F4F /* PBXTargetDependency */,
			);
			fileSystemSynchronizedGroups = (
				7C62A5B62D5754EE00E25F4F /* OBBilyonerTests */,
			);
			name = OBBilyonerTests;
			packageProductDependencies = (
			);
			productName = OBBilyonerTests;
			productReference = 7C62A5B32D5754EE00E25F4F /* OBBilyonerTests.xctest */;
			productType = "com.apple.product-type.bundle.unit-test";
		};
		7C62A5BC2D5754EE00E25F4F /* OBBilyonerUITests */ = {
			isa = PBXNativeTarget;
			buildConfigurationList = 7C62A5CE2D5754EE00E25F4F /* Build configuration list for PBXNativeTarget "OBBilyonerUITests" */;
			buildPhases = (
				7C62A5B92D5754EE00E25F4F /* Sources */,
				7C62A5BA2D5754EE00E25F4F /* Frameworks */,
				7C62A5BB2D5754EE00E25F4F /* Resources */,
			);
			buildRules = (
			);
			dependencies = (
				7C62A5BF2D5754EE00E25F4F /* PBXTargetDependency */,
			);
			fileSystemSynchronizedGroups = (
				7C62A5C02D5754EE00E25F4F /* OBBilyonerUITests */,
			);
			name = OBBilyonerUITests;
			packageProductDependencies = (
			);
			productName = OBBilyonerUITests;
			productReference = 7C62A5BD2D5754EE00E25F4F /* OBBilyonerUITests.xctest */;
			productType = "com.apple.product-type.bundle.ui-testing";
		};
/* End PBXNativeTarget section */

/* Begin PBXProject section */
		7C62A5952D5754EC00E25F4F /* Project object */ = {
			isa = PBXProject;
			attributes = {
				BuildIndependentTargetsInParallel = 1;
				LastSwiftUpdateCheck = 1620;
				LastUpgradeCheck = 1620;
				TargetAttributes = {
					7C62A59C2D5754EC00E25F4F = {
						CreatedOnToolsVersion = 16.2;
					};
					7C62A5B22D5754EE00E25F4F = {
						CreatedOnToolsVersion = 16.2;
						TestTargetID = 7C62A59C2D5754EC00E25F4F;
					};
					7C62A5BC2D5754EE00E25F4F = {
						CreatedOnToolsVersion = 16.2;
						TestTargetID = 7C62A59C2D5754EC00E25F4F;
					};
				};
			};
			buildConfigurationList = 7C62A5982D5754EC00E25F4F /* Build configuration list for PBXProject "OBBilyoner" */;
			developmentRegion = en;
			hasScannedForEncodings = 0;
			knownRegions = (
				en,
				Base,
			);
			mainGroup = 7C62A5942D5754EC00E25F4F;
			minimizedProjectReferenceProxies = 1;
			preferredProjectObjectVersion = 77;
			productRefGroup = 7C62A59E2D5754EC00E25F4F /* Products */;
			projectDirPath = "";
			projectRoot = "";
			targets = (
				7C62A59C2D5754EC00E25F4F /* OBBilyoner */,
				7C62A5B22D5754EE00E25F4F /* OBBilyonerTests */,
				7C62A5BC2D5754EE00E25F4F /* OBBilyonerUITests */,
			);
		};
/* End PBXProject section */

/* Begin PBXResourcesBuildPhase section */
		7C62A59B2D5754EC00E25F4F /* Resources */ = {
			isa = PBXResourcesBuildPhase;
			buildActionMask = 2147483647;
			files = (
				7C62A5E02D57599300E25F4F /* Assets.xcassets in Resources */,
				7C62A5E22D57599300E25F4F /* LaunchScreen.storyboard in Resources */,
				7C62A5EE2D575B2900E25F4F /* HomeViewController.xib in Resources */,
			);
			runOnlyForDeploymentPostprocessing = 0;
		};
		7C62A5B12D5754EE00E25F4F /* Resources */ = {
			isa = PBXResourcesBuildPhase;
			buildActionMask = 2147483647;
			files = (
			);
			runOnlyForDeploymentPostprocessing = 0;
		};
		7C62A5BB2D5754EE00E25F4F /* Resources */ = {
			isa = PBXResourcesBuildPhase;
			buildActionMask = 2147483647;
			files = (
			);
			runOnlyForDeploymentPostprocessing = 0;
		};
/* End PBXResourcesBuildPhase section */

/* Begin PBXSourcesBuildPhase section */
		7C62A5992D5754EC00E25F4F /* Sources */ = {
			isa = PBXSourcesBuildPhase;
			buildActionMask = 2147483647;
			files = (
				7C62A5EF2D575B2900E25F4F /* HomeViewController.swift in Sources */,
				7C62A5E42D57599300E25F4F /* AppDelegate.swift in Sources */,
				7C62A5E52D57599300E25F4F /* SceneDelegate.swift in Sources */,
				7C62A5EA2D575A5400E25F4F /* TabBarViewController.swift in Sources */,
			);
			runOnlyForDeploymentPostprocessing = 0;
		};
		7C62A5AF2D5754EE00E25F4F /* Sources */ = {
			isa = PBXSourcesBuildPhase;
			buildActionMask = 2147483647;
			files = (
			);
			runOnlyForDeploymentPostprocessing = 0;
		};
		7C62A5B92D5754EE00E25F4F /* Sources */ = {
			isa = PBXSourcesBuildPhase;
			buildActionMask = 2147483647;
			files = (
			);
			runOnlyForDeploymentPostprocessing = 0;
		};
/* End PBXSourcesBuildPhase section */

/* Begin PBXTargetDependency section */
		7C62A5B52D5754EE00E25F4F /* PBXTargetDependency */ = {
			isa = PBXTargetDependency;
			target = 7C62A59C2D5754EC00E25F4F /* OBBilyoner */;
			targetProxy = 7C62A5B42D5754EE00E25F4F /* PBXContainerItemProxy */;
		};
		7C62A5BF2D5754EE00E25F4F /* PBXTargetDependency */ = {
			isa = PBXTargetDependency;
			target = 7C62A59C2D5754EC00E25F4F /* OBBilyoner */;
			targetProxy = 7C62A5BE2D5754EE00E25F4F /* PBXContainerItemProxy */;
		};
/* End PBXTargetDependency section */

/* Begin PBXVariantGroup section */
		7C62A5DB2D57599300E25F4F /* LaunchScreen.storyboard */ = {
			isa = PBXVariantGroup;
			children = (
				7C62A5DA2D57599300E25F4F /* Base */,
			);
			name = LaunchScreen.storyboard;
			sourceTree = "<group>";
		};
/* End PBXVariantGroup section */

/* Begin XCBuildConfiguration section */
		7C62A5C72D5754EE00E25F4F /* Debug */ = {
			isa = XCBuildConfiguration;
			buildSettings = {
				ASSETCATALOG_COMPILER_APPICON_NAME = AppIcon;
				ASSETCATALOG_COMPILER_GLOBAL_ACCENT_COLOR_NAME = AccentColor;
				CODE_SIGN_STYLE = Automatic;
				CURRENT_PROJECT_VERSION = 1;
				DEVELOPMENT_TEAM = C2376DM4KF;
				GENERATE_INFOPLIST_FILE = YES;
				INFOPLIST_FILE = OBBilyoner/SupportFiles/Info.plist;
				INFOPLIST_KEY_UIApplicationSupportsIndirectInputEvents = YES;
				INFOPLIST_KEY_UILaunchStoryboardName = LaunchScreen;
				INFOPLIST_KEY_UISupportedInterfaceOrientations_iPad = "UIInterfaceOrientationPortrait UIInterfaceOrientationPortraitUpsideDown UIInterfaceOrientationLandscapeLeft UIInterfaceOrientationLandscapeRight";
				INFOPLIST_KEY_UISupportedInterfaceOrientations_iPhone = "UIInterfaceOrientationPortrait UIInterfaceOrientationLandscapeLeft UIInterfaceOrientationLandscapeRight";
				LD_RUNPATH_SEARCH_PATHS = (
					"$(inherited)",
					"@executable_path/Frameworks",
				);
				MARKETING_VERSION = 1.0;
				PRODUCT_BUNDLE_IDENTIFIER = com.ozkan.OBBilyoner;
				PRODUCT_NAME = "$(TARGET_NAME)";
				SWIFT_EMIT_LOC_STRINGS = YES;
				SWIFT_VERSION = 5.0;
				TARGETED_DEVICE_FAMILY = "1,2";
			};
			name = Debug;
		};
		7C62A5C82D5754EE00E25F4F /* Release */ = {
			isa = XCBuildConfiguration;
			buildSettings = {
				ASSETCATALOG_COMPILER_APPICON_NAME = AppIcon;
				ASSETCATALOG_COMPILER_GLOBAL_ACCENT_COLOR_NAME = AccentColor;
				CODE_SIGN_STYLE = Automatic;
				CURRENT_PROJECT_VERSION = 1;
				DEVELOPMENT_TEAM = C2376DM4KF;
				GENERATE_INFOPLIST_FILE = YES;
				INFOPLIST_FILE = OBBilyoner/SupportFiles/Info.plist;
				INFOPLIST_KEY_UIApplicationSupportsIndirectInputEvents = YES;
				INFOPLIST_KEY_UILaunchStoryboardName = LaunchScreen;
				INFOPLIST_KEY_UISupportedInterfaceOrientations_iPad = "UIInterfaceOrientationPortrait UIInterfaceOrientationPortraitUpsideDown UIInterfaceOrientationLandscapeLeft UIInterfaceOrientationLandscapeRight";
				INFOPLIST_KEY_UISupportedInterfaceOrientations_iPhone = "UIInterfaceOrientationPortrait UIInterfaceOrientationLandscapeLeft UIInterfaceOrientationLandscapeRight";
				LD_RUNPATH_SEARCH_PATHS = (
					"$(inherited)",
					"@executable_path/Frameworks",
				);
				MARKETING_VERSION = 1.0;
				PRODUCT_BUNDLE_IDENTIFIER = com.ozkan.OBBilyoner;
				PRODUCT_NAME = "$(TARGET_NAME)";
				SWIFT_EMIT_LOC_STRINGS = YES;
				SWIFT_VERSION = 5.0;
				TARGETED_DEVICE_FAMILY = "1,2";
			};
			name = Release;
		};
		7C62A5C92D5754EE00E25F4F /* Debug */ = {
			isa = XCBuildConfiguration;
			buildSettings = {
				ALWAYS_SEARCH_USER_PATHS = NO;
				ASSETCATALOG_COMPILER_GENERATE_SWIFT_ASSET_SYMBOL_EXTENSIONS = YES;
				CLANG_ANALYZER_NONNULL = YES;
				CLANG_ANALYZER_NUMBER_OBJECT_CONVERSION = YES_AGGRESSIVE;
				CLANG_CXX_LANGUAGE_STANDARD = "gnu++20";
				CLANG_ENABLE_MODULES = YES;
				CLANG_ENABLE_OBJC_ARC = YES;
				CLANG_ENABLE_OBJC_WEAK = YES;
				CLANG_WARN_BLOCK_CAPTURE_AUTORELEASING = YES;
				CLANG_WARN_BOOL_CONVERSION = YES;
				CLANG_WARN_COMMA = YES;
				CLANG_WARN_CONSTANT_CONVERSION = YES;
				CLANG_WARN_DEPRECATED_OBJC_IMPLEMENTATIONS = YES;
				CLANG_WARN_DIRECT_OBJC_ISA_USAGE = YES_ERROR;
				CLANG_WARN_DOCUMENTATION_COMMENTS = YES;
				CLANG_WARN_EMPTY_BODY = YES;
				CLANG_WARN_ENUM_CONVERSION = YES;
				CLANG_WARN_INFINITE_RECURSION = YES;
				CLANG_WARN_INT_CONVERSION = YES;
				CLANG_WARN_NON_LITERAL_NULL_CONVERSION = YES;
				CLANG_WARN_OBJC_IMPLICIT_RETAIN_SELF = YES;
				CLANG_WARN_OBJC_LITERAL_CONVERSION = YES;
				CLANG_WARN_OBJC_ROOT_CLASS = YES_ERROR;
				CLANG_WARN_QUOTED_INCLUDE_IN_FRAMEWORK_HEADER = YES;
				CLANG_WARN_RANGE_LOOP_ANALYSIS = YES;
				CLANG_WARN_STRICT_PROTOTYPES = YES;
				CLANG_WARN_SUSPICIOUS_MOVE = YES;
				CLANG_WARN_UNGUARDED_AVAILABILITY = YES_AGGRESSIVE;
				CLANG_WARN_UNREACHABLE_CODE = YES;
				CLANG_WARN__DUPLICATE_METHOD_MATCH = YES;
				COPY_PHASE_STRIP = NO;
				DEBUG_INFORMATION_FORMAT = dwarf;
				ENABLE_STRICT_OBJC_MSGSEND = YES;
				ENABLE_TESTABILITY = YES;
				ENABLE_USER_SCRIPT_SANDBOXING = YES;
				GCC_C_LANGUAGE_STANDARD = gnu17;
				GCC_DYNAMIC_NO_PIC = NO;
				GCC_NO_COMMON_BLOCKS = YES;
				GCC_OPTIMIZATION_LEVEL = 0;
				GCC_PREPROCESSOR_DEFINITIONS = (
					"DEBUG=1",
					"$(inherited)",
				);
				GCC_WARN_64_TO_32_BIT_CONVERSION = YES;
				GCC_WARN_ABOUT_RETURN_TYPE = YES_ERROR;
				GCC_WARN_UNDECLARED_SELECTOR = YES;
				GCC_WARN_UNINITIALIZED_AUTOS = YES_AGGRESSIVE;
				GCC_WARN_UNUSED_FUNCTION = YES;
				GCC_WARN_UNUSED_VARIABLE = YES;
				IPHONEOS_DEPLOYMENT_TARGET = 18.2;
				LOCALIZATION_PREFERS_STRING_CATALOGS = YES;
				MTL_ENABLE_DEBUG_INFO = INCLUDE_SOURCE;
				MTL_FAST_MATH = YES;
				ONLY_ACTIVE_ARCH = YES;
				SDKROOT = iphoneos;
				SWIFT_ACTIVE_COMPILATION_CONDITIONS = "DEBUG $(inherited)";
				SWIFT_OPTIMIZATION_LEVEL = "-Onone";
			};
			name = Debug;
		};
		7C62A5CA2D5754EE00E25F4F /* Release */ = {
			isa = XCBuildConfiguration;
			buildSettings = {
				ALWAYS_SEARCH_USER_PATHS = NO;
				ASSETCATALOG_COMPILER_GENERATE_SWIFT_ASSET_SYMBOL_EXTENSIONS = YES;
				CLANG_ANALYZER_NONNULL = YES;
				CLANG_ANALYZER_NUMBER_OBJECT_CONVERSION = YES_AGGRESSIVE;
				CLANG_CXX_LANGUAGE_STANDARD = "gnu++20";
				CLANG_ENABLE_MODULES = YES;
				CLANG_ENABLE_OBJC_ARC = YES;
				CLANG_ENABLE_OBJC_WEAK = YES;
				CLANG_WARN_BLOCK_CAPTURE_AUTORELEASING = YES;
				CLANG_WARN_BOOL_CONVERSION = YES;
				CLANG_WARN_COMMA = YES;
				CLANG_WARN_CONSTANT_CONVERSION = YES;
				CLANG_WARN_DEPRECATED_OBJC_IMPLEMENTATIONS = YES;
				CLANG_WARN_DIRECT_OBJC_ISA_USAGE = YES_ERROR;
				CLANG_WARN_DOCUMENTATION_COMMENTS = YES;
				CLANG_WARN_EMPTY_BODY = YES;
				CLANG_WARN_ENUM_CONVERSION = YES;
				CLANG_WARN_INFINITE_RECURSION = YES;
				CLANG_WARN_INT_CONVERSION = YES;
				CLANG_WARN_NON_LITERAL_NULL_CONVERSION = YES;
				CLANG_WARN_OBJC_IMPLICIT_RETAIN_SELF = YES;
				CLANG_WARN_OBJC_LITERAL_CONVERSION = YES;
				CLANG_WARN_OBJC_ROOT_CLASS = YES_ERROR;
				CLANG_WARN_QUOTED_INCLUDE_IN_FRAMEWORK_HEADER = YES;
				CLANG_WARN_RANGE_LOOP_ANALYSIS = YES;
				CLANG_WARN_STRICT_PROTOTYPES = YES;
				CLANG_WARN_SUSPICIOUS_MOVE = YES;
				CLANG_WARN_UNGUARDED_AVAILABILITY = YES_AGGRESSIVE;
				CLANG_WARN_UNREACHABLE_CODE = YES;
				CLANG_WARN__DUPLICATE_METHOD_MATCH = YES;
				COPY_PHASE_STRIP = NO;
				DEBUG_INFORMATION_FORMAT = "dwarf-with-dsym";
				ENABLE_NS_ASSERTIONS = NO;
				ENABLE_STRICT_OBJC_MSGSEND = YES;
				ENABLE_USER_SCRIPT_SANDBOXING = YES;
				GCC_C_LANGUAGE_STANDARD = gnu17;
				GCC_NO_COMMON_BLOCKS = YES;
				GCC_WARN_64_TO_32_BIT_CONVERSION = YES;
				GCC_WARN_ABOUT_RETURN_TYPE = YES_ERROR;
				GCC_WARN_UNDECLARED_SELECTOR = YES;
				GCC_WARN_UNINITIALIZED_AUTOS = YES_AGGRESSIVE;
				GCC_WARN_UNUSED_FUNCTION = YES;
				GCC_WARN_UNUSED_VARIABLE = YES;
				IPHONEOS_DEPLOYMENT_TARGET = 18.2;
				LOCALIZATION_PREFERS_STRING_CATALOGS = YES;
				MTL_ENABLE_DEBUG_INFO = NO;
				MTL_FAST_MATH = YES;
				SDKROOT = iphoneos;
				SWIFT_COMPILATION_MODE = wholemodule;
				VALIDATE_PRODUCT = YES;
			};
			name = Release;
		};
		7C62A5CC2D5754EE00E25F4F /* Debug */ = {
			isa = XCBuildConfiguration;
			buildSettings = {
				BUNDLE_LOADER = "$(TEST_HOST)";
				CODE_SIGN_STYLE = Automatic;
				CURRENT_PROJECT_VERSION = 1;
				DEVELOPMENT_TEAM = C2376DM4KF;
				GENERATE_INFOPLIST_FILE = YES;
				IPHONEOS_DEPLOYMENT_TARGET = 18.2;
				MARKETING_VERSION = 1.0;
				PRODUCT_BUNDLE_IDENTIFIER = com.ozkan.OBBilyonerTests;
				PRODUCT_NAME = "$(TARGET_NAME)";
				SWIFT_EMIT_LOC_STRINGS = NO;
				SWIFT_VERSION = 5.0;
				TARGETED_DEVICE_FAMILY = "1,2";
				TEST_HOST = "$(BUILT_PRODUCTS_DIR)/OBBilyoner.app/$(BUNDLE_EXECUTABLE_FOLDER_PATH)/OBBilyoner";
			};
			name = Debug;
		};
		7C62A5CD2D5754EE00E25F4F /* Release */ = {
			isa = XCBuildConfiguration;
			buildSettings = {
				BUNDLE_LOADER = "$(TEST_HOST)";
				CODE_SIGN_STYLE = Automatic;
				CURRENT_PROJECT_VERSION = 1;
				DEVELOPMENT_TEAM = C2376DM4KF;
				GENERATE_INFOPLIST_FILE = YES;
				IPHONEOS_DEPLOYMENT_TARGET = 18.2;
				MARKETING_VERSION = 1.0;
				PRODUCT_BUNDLE_IDENTIFIER = com.ozkan.OBBilyonerTests;
				PRODUCT_NAME = "$(TARGET_NAME)";
				SWIFT_EMIT_LOC_STRINGS = NO;
				SWIFT_VERSION = 5.0;
				TARGETED_DEVICE_FAMILY = "1,2";
				TEST_HOST = "$(BUILT_PRODUCTS_DIR)/OBBilyoner.app/$(BUNDLE_EXECUTABLE_FOLDER_PATH)/OBBilyoner";
			};
			name = Release;
		};
		7C62A5CF2D5754EE00E25F4F /* Debug */ = {
			isa = XCBuildConfiguration;
			buildSettings = {
				CODE_SIGN_STYLE = Automatic;
				CURRENT_PROJECT_VERSION = 1;
				DEVELOPMENT_TEAM = C2376DM4KF;
				GENERATE_INFOPLIST_FILE = YES;
				MARKETING_VERSION = 1.0;
				PRODUCT_BUNDLE_IDENTIFIER = com.ozkan.OBBilyonerUITests;
				PRODUCT_NAME = "$(TARGET_NAME)";
				SWIFT_EMIT_LOC_STRINGS = NO;
				SWIFT_VERSION = 5.0;
				TARGETED_DEVICE_FAMILY = "1,2";
				TEST_TARGET_NAME = OBBilyoner;
			};
			name = Debug;
		};
		7C62A5D02D5754EE00E25F4F /* Release */ = {
			isa = XCBuildConfiguration;
			buildSettings = {
				CODE_SIGN_STYLE = Automatic;
				CURRENT_PROJECT_VERSION = 1;
				DEVELOPMENT_TEAM = C2376DM4KF;
				GENERATE_INFOPLIST_FILE = YES;
				MARKETING_VERSION = 1.0;
				PRODUCT_BUNDLE_IDENTIFIER = com.ozkan.OBBilyonerUITests;
				PRODUCT_NAME = "$(TARGET_NAME)";
				SWIFT_EMIT_LOC_STRINGS = NO;
				SWIFT_VERSION = 5.0;
				TARGETED_DEVICE_FAMILY = "1,2";
				TEST_TARGET_NAME = OBBilyoner;
			};
			name = Release;
		};
/* End XCBuildConfiguration section */

/* Begin XCConfigurationList section */
		7C62A5982D5754EC00E25F4F /* Build configuration list for PBXProject "OBBilyoner" */ = {
			isa = XCConfigurationList;
			buildConfigurations = (
				7C62A5C92D5754EE00E25F4F /* Debug */,
				7C62A5CA2D5754EE00E25F4F /* Release */,
			);
			defaultConfigurationIsVisible = 0;
			defaultConfigurationName = Release;
		};
		7C62A5C62D5754EE00E25F4F /* Build configuration list for PBXNativeTarget "OBBilyoner" */ = {
			isa = XCConfigurationList;
			buildConfigurations = (
				7C62A5C72D5754EE00E25F4F /* Debug */,
				7C62A5C82D5754EE00E25F4F /* Release */,
			);
			defaultConfigurationIsVisible = 0;
			defaultConfigurationName = Release;
		};
		7C62A5CB2D5754EE00E25F4F /* Build configuration list for PBXNativeTarget "OBBilyonerTests" */ = {
			isa = XCConfigurationList;
			buildConfigurations = (
				7C62A5CC2D5754EE00E25F4F /* Debug */,
				7C62A5CD2D5754EE00E25F4F /* Release */,
			);
			defaultConfigurationIsVisible = 0;
			defaultConfigurationName = Release;
		};
		7C62A5CE2D5754EE00E25F4F /* Build configuration list for PBXNativeTarget "OBBilyonerUITests" */ = {
			isa = XCConfigurationList;
			buildConfigurations = (
				7C62A5CF2D5754EE00E25F4F /* Debug */,
				7C62A5D02D5754EE00E25F4F /* Release */,
			);
			defaultConfigurationIsVisible = 0;
			defaultConfigurationName = Release;
		};
/* End XCConfigurationList section */
	};
	rootObject = 7C62A5952D5754EC00E25F4F /* Project object */;
}
