// !$*UTF8*$!
{
	archiveVersion = 1;
	classes = {
	};
	objectVersion = 77;
	objects = {

/* Begin PBXBuildFile section */
		7C62A5E02D57599300E25F4F /* Assets.xcassets in Resources */ = {isa = PBXBuildFile; fileRef = 7C62A5D42D57599300E25F4F /* Assets.xcassets */; };
		7C62A5E22D57599300E25F4F /* LaunchScreen.storyboard in Resources */ = {isa = PBXBuildFile; fileRef = 7C62A5DB2D57599300E25F4F /* LaunchScreen.storyboard */; };
		7C62A5E42D57599300E25F4F /* AppDelegate.swift in Sources */ = {isa = PBXBuildFile; fileRef = 7C62A5D62D57599300E25F4F /* AppDelegate.swift */; };
		7C62A5E52D57599300E25F4F /* SceneDelegate.swift in Sources */ = {isa = PBXBuildFile; fileRef = 7C62A5D82D57599300E25F4F /* SceneDelegate.swift */; };
		7C62A5EA2D575A5400E25F4F /* TabBarViewController.swift in Sources */ = {isa = PBXBuildFile; fileRef = 7C62A5E92D575A4800E25F4F /* TabBarViewController.swift */; };
		7C62A5EE2D575B2900E25F4F /* SelectedEventsViewController.xib in Resources */ = {isa = PBXBuildFile; fileRef = 7C62A5ED2D575B2900E25F4F /* SelectedEventsViewController.xib */; };
		7C62A5EF2D575B2900E25F4F /* SelectedEventsViewController.swift in Sources */ = {isa = PBXBuildFile; fileRef = 7C62A5EC2D575B2900E25F4F /* SelectedEventsViewController.swift */; };
		7C62A68C2D577ACC00E25F4F /* Lottie in Frameworks */ = {isa = PBXBuildFile; productRef = 7C62A68B2D577ACC00E25F4F /* Lottie */; };
		7C62A68F2D577ADE00E25F4F /* Alamofire in Frameworks */ = {isa = PBXBuildFile; productRef = 7C62A68E2D577ADE00E25F4F /* Alamofire */; };
		7C62A6922D577B1C00E25F4F /* ApiRouter.swift in Sources */ = {isa = PBXBuildFile; fileRef = 7C62A6912D577B1600E25F4F /* ApiRouter.swift */; };
		7C62A6942D577B3300E25F4F /* ApiClient.swift in Sources */ = {isa = PBXBuildFile; fileRef = 7C62A6932D577B2B00E25F4F /* ApiClient.swift */; };
		7C62A6962D577B6300E25F4F /* APIError.swift in Sources */ = {isa = PBXBuildFile; fileRef = 7C62A6952D577B5200E25F4F /* APIError.swift */; };
		7C62A6992D577BCF00E25F4F /* Constants.swift in Sources */ = {isa = PBXBuildFile; fileRef = 7C62A6982D577BC900E25F4F /* Constants.swift */; };
		7C62A69B2D577BDB00E25F4F /* Enviroment.swift in Sources */ = {isa = PBXBuildFile; fileRef = 7C62A69A2D577BD400E25F4F /* Enviroment.swift */; };
		7C62A69D2D577C3300E25F4F /* OBConfig.xcconfig in Resources */ = {isa = PBXBuildFile; fileRef = 7C62A69C2D577C3300E25F4F /* OBConfig.xcconfig */; };
		7C62A6A32D57891200E25F4F /* OddsRequest.swift in Sources */ = {isa = PBXBuildFile; fileRef = 7C62A6A22D57890500E25F4F /* OddsRequest.swift */; };
		7C62A6A52D578B1000E25F4F /* OddsResponse.swift in Sources */ = {isa = PBXBuildFile; fileRef = 7C62A6A42D578B0700E25F4F /* OddsResponse.swift */; };
		7C62A6AB2D57AE2400E25F4F /* SelectedEventsViewModel.swift in Sources */ = {isa = PBXBuildFile; fileRef = 7C62A6AA2D57AE1F00E25F4F /* SelectedEventsViewModel.swift */; };
		7C62A6AE2D57AE6400E25F4F /* ViewModelType.swift in Sources */ = {isa = PBXBuildFile; fileRef = 7C62A6AD2D57AE5D00E25F4F /* ViewModelType.swift */; };
		7C62A6B12D57C26D00E25F4F /* SnapKit in Frameworks */ = {isa = PBXBuildFile; productRef = 7C62A6B02D57C26D00E25F4F /* SnapKit */; };
		7C62A6B52D587CED00E25F4F /* EventsCollectionViewCell.xib in Resources */ = {isa = PBXBuildFile; fileRef = 7C62A6B42D587CED00E25F4F /* EventsCollectionViewCell.xib */; };
		7C62A6B62D587CED00E25F4F /* EventsCollectionViewCell.swift in Sources */ = {isa = PBXBuildFile; fileRef = 7C62A6B32D587CED00E25F4F /* EventsCollectionViewCell.swift */; };
		7C62A6B82D587FD800E25F4F /* EventCategory.swift in Sources */ = {isa = PBXBuildFile; fileRef = 7C62A6B72D587FC700E25F4F /* EventCategory.swift */; };
		7C62A6BB2D58A10200E25F4F /* ReactiveExt.swift in Sources */ = {isa = PBXBuildFile; fileRef = 7C62A6BA2D58A0FC00E25F4F /* ReactiveExt.swift */; };
		7C62A6BD2D58AE9800E25F4F /* UICollectionViewExt.swift in Sources */ = {isa = PBXBuildFile; fileRef = 7C62A6BC2D58AE8E00E25F4F /* UICollectionViewExt.swift */; };
		7C62A6BF2D58AEDF00E25F4F /* NSObjectExt.swift in Sources */ = {isa = PBXBuildFile; fileRef = 7C62A6BE2D58AED600E25F4F /* NSObjectExt.swift */; };
		7C62A6C52D58C37600E25F4F /* UITableViewExt.swift in Sources */ = {isa = PBXBuildFile; fileRef = 7C62A6C42D58C36A00E25F4F /* UITableViewExt.swift */; };
		7C62A6C82D58CB6C00E25F4F /* RxCocoa in Frameworks */ = {isa = PBXBuildFile; productRef = 7C62A6C72D58CB6C00E25F4F /* RxCocoa */; };
		7C62A6CA2D58CB6C00E25F4F /* RxRelay in Frameworks */ = {isa = PBXBuildFile; productRef = 7C62A6C92D58CB6C00E25F4F /* RxRelay */; };
		7C62A6CC2D58CB6C00E25F4F /* RxSwift in Frameworks */ = {isa = PBXBuildFile; productRef = 7C62A6CB2D58CB6C00E25F4F /* RxSwift */; };
		7C62A6CF2D58D78F00E25F4F /* BasketViewController.swift in Sources */ = {isa = PBXBuildFile; fileRef = 7C62A6CE2D58D78500E25F4F /* BasketViewController.swift */; };
		7C62A6D32D58D7F300E25F4F /* BasketViewModel.swift in Sources */ = {isa = PBXBuildFile; fileRef = 7C62A6D22D58D7EE00E25F4F /* BasketViewModel.swift */; };
		7C62A6D52D58DEE700E25F4F /* BasketModel.swift in Sources */ = {isa = PBXBuildFile; fileRef = 7C62A6D42D58DEE200E25F4F /* BasketModel.swift */; };
		7C62A6D72D58EADF00E25F4F /* ArrayExt.swift in Sources */ = {isa = PBXBuildFile; fileRef = 7C62A6D62D58EADB00E25F4F /* ArrayExt.swift */; };
		7C62A6DA2D58EF0B00E25F4F /* BasketEventCell.swift in Sources */ = {isa = PBXBuildFile; fileRef = 7C62A6D92D58EF0400E25F4F /* BasketEventCell.swift */; };
		7C62A6DD2D59049000E25F4F /* OddTableViewCell.xib in Resources */ = {isa = PBXBuildFile; fileRef = 7C62A6DC2D59049000E25F4F /* OddTableViewCell.xib */; };
		7C62A6DE2D59049000E25F4F /* OddTableViewCell.swift in Sources */ = {isa = PBXBuildFile; fileRef = 7C62A6DB2D59049000E25F4F /* OddTableViewCell.swift */; };
		7C62A6E12D59482B00E25F4F /* LoadingView.swift in Sources */ = {isa = PBXBuildFile; fileRef = 7C62A6E02D59482700E25F4F /* LoadingView.swift */; };
		7C62A6E42D59488200E25F4F /* BaseViewController.swift in Sources */ = {isa = PBXBuildFile; fileRef = 7C62A6E32D59487D00E25F4F /* BaseViewController.swift */; };
		7C62A6E72D5948F800E25F4F /* obLoading.json in Resources */ = {isa = PBXBuildFile; fileRef = 7C62A6E62D5948F800E25F4F /* obLoading.json */; };
		7C62A6EB2D5A157A00E25F4F /* FirebaseAnalytics in Frameworks */ = {isa = PBXBuildFile; productRef = 7C62A6EA2D5A157A00E25F4F /* FirebaseAnalytics */; };
		7C62A6ED2D5A157A00E25F4F /* FirebaseCrashlytics in Frameworks */ = {isa = PBXBuildFile; productRef = 7C62A6EC2D5A157A00E25F4F /* FirebaseCrashlytics */; };
		7C62A6EF2D5A15DA00E25F4F /* AnalyticsManager.swift in Sources */ = {isa = PBXBuildFile; fileRef = 7C62A6EE2D5A15CE00E25F4F /* AnalyticsManager.swift */; };
		7C62A6F22D5A18CC00E25F4F /* GoogleService-Info.plist in Resources */ = {isa = PBXBuildFile; fileRef = 7C62A6F12D5A18CC00E25F4F /* GoogleService-Info.plist */; };
		7C62A6F52D5A208E00E25F4F /* EventsViewController.swift in Sources */ = {isa = PBXBuildFile; fileRef = 7C62A6F42D5A208300E25F4F /* EventsViewController.swift */; };
		7C62A6F92D5A212B00E25F4F /* EventViewModel.swift in Sources */ = {isa = PBXBuildFile; fileRef = 7C62A6F82D5A212600E25F4F /* EventViewModel.swift */; };
		7C62A6FB2D5A219700E25F4F /* StringExt.swift in Sources */ = {isa = PBXBuildFile; fileRef = 7C62A6FA2D5A219200E25F4F /* StringExt.swift */; };
		7C62A6FD2D5A270300E25F4F /* EventsDetailViewController.swift in Sources */ = {isa = PBXBuildFile; fileRef = 7C62A6FC2D5A26F900E25F4F /* EventsDetailViewController.swift */; };
		7C62A6FF2D5A271000E25F4F /* EventDetailViewModel.swift in Sources */ = {isa = PBXBuildFile; fileRef = 7C62A6FE2D5A270700E25F4F /* EventDetailViewModel.swift */; };
		7C62A7012D5A2C1000E25F4F /* EventResponse.swift in Sources */ = {isa = PBXBuildFile; fileRef = 7C62A7002D5A2C0A00E25F4F /* EventResponse.swift */; };
		7C62A7042D5A322A00E25F4F /* EventTableViewCell.swift in Sources */ = {isa = PBXBuildFile; fileRef = 7C62A7032D5A321A00E25F4F /* EventTableViewCell.swift */; };
		7C62A7062D5A453A00E25F4F /* CollectionExt.swift in Sources */ = {isa = PBXBuildFile; fileRef = 7C62A7052D5A453400E25F4F /* CollectionExt.swift */; };
		7C62A70A2D5A4DDE00E25F4F /* ColorExt.swift in Sources */ = {isa = PBXBuildFile; fileRef = 7C62A7092D5A4DDA00E25F4F /* ColorExt.swift */; };
		7CD784D22D5A8E6100119B3F /* EmptyDataView.swift in Sources */ = {isa = PBXBuildFile; fileRef = 7CD784D12D5A8E0900119B3F /* EmptyDataView.swift */; };
/* End PBXBuildFile section */

/* Begin PBXContainerItemProxy section */
		7C62A5B42D5754EE00E25F4F /* PBXContainerItemProxy */ = {
			isa = PBXContainerItemProxy;
			containerPortal = 7C62A5952D5754EC00E25F4F /* Project object */;
			proxyType = 1;
			remoteGlobalIDString = 7C62A59C2D5754EC00E25F4F;
			remoteInfo = OBBilyoner;
		};
		7C62A5BE2D5754EE00E25F4F /* PBXContainerItemProxy */ = {
			isa = PBXContainerItemProxy;
			containerPortal = 7C62A5952D5754EC00E25F4F /* Project object */;
			proxyType = 1;
			remoteGlobalIDString = 7C62A59C2D5754EC00E25F4F;
			remoteInfo = OBBilyoner;
		};
/* End PBXContainerItemProxy section */

/* Begin PBXFileReference section */
		7C62A59D2D5754EC00E25F4F /* OBBilyoner.app */ = {isa = PBXFileReference; explicitFileType = wrapper.application; includeInIndex = 0; path = OBBilyoner.app; sourceTree = BUILT_PRODUCTS_DIR; };
		7C62A5B32D5754EE00E25F4F /* OBBilyonerTests.xctest */ = {isa = PBXFileReference; explicitFileType = wrapper.cfbundle; includeInIndex = 0; path = OBBilyonerTests.xctest; sourceTree = BUILT_PRODUCTS_DIR; };
		7C62A5BD2D5754EE00E25F4F /* OBBilyonerUITests.xctest */ = {isa = PBXFileReference; explicitFileType = wrapper.cfbundle; includeInIndex = 0; path = OBBilyonerUITests.xctest; sourceTree = BUILT_PRODUCTS_DIR; };
		7C62A5D42D57599300E25F4F /* Assets.xcassets */ = {isa = PBXFileReference; lastKnownFileType = folder.assetcatalog; path = Assets.xcassets; sourceTree = "<group>"; };
		7C62A5D62D57599300E25F4F /* AppDelegate.swift */ = {isa = PBXFileReference; lastKnownFileType = sourcecode.swift; path = AppDelegate.swift; sourceTree = "<group>"; };
		7C62A5D72D57599300E25F4F /* Info.plist */ = {isa = PBXFileReference; lastKnownFileType = text.plist.xml; path = Info.plist; sourceTree = "<group>"; };
		7C62A5D82D57599300E25F4F /* SceneDelegate.swift */ = {isa = PBXFileReference; lastKnownFileType = sourcecode.swift; path = SceneDelegate.swift; sourceTree = "<group>"; };
		7C62A5DA2D57599300E25F4F /* Base */ = {isa = PBXFileReference; lastKnownFileType = file.storyboard; name = Base; path = Base.lproj/LaunchScreen.storyboard; sourceTree = "<group>"; };
		7C62A5E92D575A4800E25F4F /* TabBarViewController.swift */ = {isa = PBXFileReference; lastKnownFileType = sourcecode.swift; path = TabBarViewController.swift; sourceTree = "<group>"; };
		7C62A5EC2D575B2900E25F4F /* SelectedEventsViewController.swift */ = {isa = PBXFileReference; lastKnownFileType = sourcecode.swift; path = SelectedEventsViewController.swift; sourceTree = "<group>"; };
		7C62A5ED2D575B2900E25F4F /* SelectedEventsViewController.xib */ = {isa = PBXFileReference; lastKnownFileType = file.xib; path = SelectedEventsViewController.xib; sourceTree = "<group>"; };
		7C62A6912D577B1600E25F4F /* ApiRouter.swift */ = {isa = PBXFileReference; lastKnownFileType = sourcecode.swift; path = ApiRouter.swift; sourceTree = "<group>"; };
		7C62A6932D577B2B00E25F4F /* ApiClient.swift */ = {isa = PBXFileReference; lastKnownFileType = sourcecode.swift; path = ApiClient.swift; sourceTree = "<group>"; };
		7C62A6952D577B5200E25F4F /* APIError.swift */ = {isa = PBXFileReference; lastKnownFileType = sourcecode.swift; path = APIError.swift; sourceTree = "<group>"; };
		7C62A6982D577BC900E25F4F /* Constants.swift */ = {isa = PBXFileReference; lastKnownFileType = sourcecode.swift; path = Constants.swift; sourceTree = "<group>"; };
		7C62A69A2D577BD400E25F4F /* Enviroment.swift */ = {isa = PBXFileReference; lastKnownFileType = sourcecode.swift; path = Enviroment.swift; sourceTree = "<group>"; };
		7C62A69C2D577C3300E25F4F /* OBConfig.xcconfig */ = {isa = PBXFileReference; lastKnownFileType = text.xcconfig; path = OBConfig.xcconfig; sourceTree = "<group>"; };
		7C62A6A22D57890500E25F4F /* OddsRequest.swift */ = {isa = PBXFileReference; lastKnownFileType = sourcecode.swift; path = OddsRequest.swift; sourceTree = "<group>"; };
		7C62A6A42D578B0700E25F4F /* OddsResponse.swift */ = {isa = PBXFileReference; lastKnownFileType = sourcecode.swift; path = OddsResponse.swift; sourceTree = "<group>"; };
		7C62A6AA2D57AE1F00E25F4F /* SelectedEventsViewModel.swift */ = {isa = PBXFileReference; lastKnownFileType = sourcecode.swift; path = SelectedEventsViewModel.swift; sourceTree = "<group>"; };
		7C62A6AD2D57AE5D00E25F4F /* ViewModelType.swift */ = {isa = PBXFileReference; lastKnownFileType = sourcecode.swift; path = ViewModelType.swift; sourceTree = "<group>"; };
		7C62A6B32D587CED00E25F4F /* EventsCollectionViewCell.swift */ = {isa = PBXFileReference; lastKnownFileType = sourcecode.swift; path = EventsCollectionViewCell.swift; sourceTree = "<group>"; };
		7C62A6B42D587CED00E25F4F /* EventsCollectionViewCell.xib */ = {isa = PBXFileReference; lastKnownFileType = file.xib; path = EventsCollectionViewCell.xib; sourceTree = "<group>"; };
		7C62A6B72D587FC700E25F4F /* EventCategory.swift */ = {isa = PBXFileReference; lastKnownFileType = sourcecode.swift; path = EventCategory.swift; sourceTree = "<group>"; };
		7C62A6BA2D58A0FC00E25F4F /* ReactiveExt.swift */ = {isa = PBXFileReference; lastKnownFileType = sourcecode.swift; path = ReactiveExt.swift; sourceTree = "<group>"; };
		7C62A6BC2D58AE8E00E25F4F /* UICollectionViewExt.swift */ = {isa = PBXFileReference; lastKnownFileType = sourcecode.swift; path = UICollectionViewExt.swift; sourceTree = "<group>"; };
		7C62A6BE2D58AED600E25F4F /* NSObjectExt.swift */ = {isa = PBXFileReference; lastKnownFileType = sourcecode.swift; path = NSObjectExt.swift; sourceTree = "<group>"; };
		7C62A6C42D58C36A00E25F4F /* UITableViewExt.swift */ = {isa = PBXFileReference; lastKnownFileType = sourcecode.swift; path = UITableViewExt.swift; sourceTree = "<group>"; };
		7C62A6CE2D58D78500E25F4F /* BasketViewController.swift */ = {isa = PBXFileReference; lastKnownFileType = sourcecode.swift; path = BasketViewController.swift; sourceTree = "<group>"; };
		7C62A6D22D58D7EE00E25F4F /* BasketViewModel.swift */ = {isa = PBXFileReference; lastKnownFileType = sourcecode.swift; path = BasketViewModel.swift; sourceTree = "<group>"; };
		7C62A6D42D58DEE200E25F4F /* BasketModel.swift */ = {isa = PBXFileReference; lastKnownFileType = sourcecode.swift; path = BasketModel.swift; sourceTree = "<group>"; };
		7C62A6D62D58EADB00E25F4F /* ArrayExt.swift */ = {isa = PBXFileReference; lastKnownFileType = sourcecode.swift; path = ArrayExt.swift; sourceTree = "<group>"; };
		7C62A6D92D58EF0400E25F4F /* BasketEventCell.swift */ = {isa = PBXFileReference; lastKnownFileType = sourcecode.swift; path = BasketEventCell.swift; sourceTree = "<group>"; };
		7C62A6DB2D59049000E25F4F /* OddTableViewCell.swift */ = {isa = PBXFileReference; lastKnownFileType = sourcecode.swift; path = OddTableViewCell.swift; sourceTree = "<group>"; };
		7C62A6DC2D59049000E25F4F /* OddTableViewCell.xib */ = {isa = PBXFileReference; lastKnownFileType = file.xib; path = OddTableViewCell.xib; sourceTree = "<group>"; };
		7C62A6E02D59482700E25F4F /* LoadingView.swift */ = {isa = PBXFileReference; lastKnownFileType = sourcecode.swift; path = LoadingView.swift; sourceTree = "<group>"; };
		7C62A6E32D59487D00E25F4F /* BaseViewController.swift */ = {isa = PBXFileReference; lastKnownFileType = sourcecode.swift; path = BaseViewController.swift; sourceTree = "<group>"; };
		7C62A6E62D5948F800E25F4F /* obLoading.json */ = {isa = PBXFileReference; lastKnownFileType = text.json; path = obLoading.json; sourceTree = "<group>"; };
		7C62A6EE2D5A15CE00E25F4F /* AnalyticsManager.swift */ = {isa = PBXFileReference; lastKnownFileType = sourcecode.swift; path = AnalyticsManager.swift; sourceTree = "<group>"; };
		7C62A6F12D5A18CC00E25F4F /* GoogleService-Info.plist */ = {isa = PBXFileReference; lastKnownFileType = text.plist.xml; path = "GoogleService-Info.plist"; sourceTree = "<group>"; };
		7C62A6F42D5A208300E25F4F /* EventsViewController.swift */ = {isa = PBXFileReference; lastKnownFileType = sourcecode.swift; path = EventsViewController.swift; sourceTree = "<group>"; };
		7C62A6F82D5A212600E25F4F /* EventViewModel.swift */ = {isa = PBXFileReference; lastKnownFileType = sourcecode.swift; path = EventViewModel.swift; sourceTree = "<group>"; };
		7C62A6FA2D5A219200E25F4F /* StringExt.swift */ = {isa = PBXFileReference; lastKnownFileType = sourcecode.swift; path = StringExt.swift; sourceTree = "<group>"; };
		7C62A6FC2D5A26F900E25F4F /* EventsDetailViewController.swift */ = {isa = PBXFileReference; lastKnownFileType = sourcecode.swift; path = EventsDetailViewController.swift; sourceTree = "<group>"; };
		7C62A6FE2D5A270700E25F4F /* EventDetailViewModel.swift */ = {isa = PBXFileReference; lastKnownFileType = sourcecode.swift; path = EventDetailViewModel.swift; sourceTree = "<group>"; };
		7C62A7002D5A2C0A00E25F4F /* EventResponse.swift */ = {isa = PBXFileReference; lastKnownFileType = sourcecode.swift; path = EventResponse.swift; sourceTree = "<group>"; };
		7C62A7032D5A321A00E25F4F /* EventTableViewCell.swift */ = {isa = PBXFileReference; lastKnownFileType = sourcecode.swift; path = EventTableViewCell.swift; sourceTree = "<group>"; };
		7C62A7052D5A453400E25F4F /* CollectionExt.swift */ = {isa = PBXFileReference; lastKnownFileType = sourcecode.swift; path = CollectionExt.swift; sourceTree = "<group>"; };
		7C62A7092D5A4DDA00E25F4F /* ColorExt.swift */ = {isa = PBXFileReference; lastKnownFileType = sourcecode.swift; path = ColorExt.swift; sourceTree = "<group>"; };
		7CD784D12D5A8E0900119B3F /* EmptyDataView.swift */ = {isa = PBXFileReference; lastKnownFileType = sourcecode.swift; path = EmptyDataView.swift; sourceTree = "<group>"; };
/* End PBXFileReference section */

/* Begin PBXFileSystemSynchronizedRootGroup section */
		7C62A5B62D5754EE00E25F4F /* OBBilyonerTests */ = {
			isa = PBXFileSystemSynchronizedRootGroup;
			path = OBBilyonerTests;
			sourceTree = "<group>";
		};
		7C62A5C02D5754EE00E25F4F /* OBBilyonerUITests */ = {
			isa = PBXFileSystemSynchronizedRootGroup;
			path = OBBilyonerUITests;
			sourceTree = "<group>";
		};
/* End PBXFileSystemSynchronizedRootGroup section */

/* Begin PBXFrameworksBuildPhase section */
		7C62A59A2D5754EC00E25F4F /* Frameworks */ = {
			isa = PBXFrameworksBuildPhase;
			buildActionMask = 2147483647;
			files = (
				7C62A6EB2D5A157A00E25F4F /* FirebaseAnalytics in Frameworks */,
				7C62A6CC2D58CB6C00E25F4F /* RxSwift in Frameworks */,
				7C62A6CA2D58CB6C00E25F4F /* RxRelay in Frameworks */,
				7C62A68F2D577ADE00E25F4F /* Alamofire in Frameworks */,
				7C62A68C2D577ACC00E25F4F /* Lottie in Frameworks */,
				7C62A6ED2D5A157A00E25F4F /* FirebaseCrashlytics in Frameworks */,
				7C62A6C82D58CB6C00E25F4F /* RxCocoa in Frameworks */,
				7C62A6B12D57C26D00E25F4F /* SnapKit in Frameworks */,
			);
			runOnlyForDeploymentPostprocessing = 0;
		};
		7C62A5B02D5754EE00E25F4F /* Frameworks */ = {
			isa = PBXFrameworksBuildPhase;
			buildActionMask = 2147483647;
			files = (
			);
			runOnlyForDeploymentPostprocessing = 0;
		};
		7C62A5BA2D5754EE00E25F4F /* Frameworks */ = {
			isa = PBXFrameworksBuildPhase;
			buildActionMask = 2147483647;
			files = (
			);
			runOnlyForDeploymentPostprocessing = 0;
		};
/* End PBXFrameworksBuildPhase section */

/* Begin PBXGroup section */
		7C62A5942D5754EC00E25F4F = {
			isa = PBXGroup;
			children = (
				7C62A5DF2D57599300E25F4F /* OBBilyoner */,
				7C62A5B62D5754EE00E25F4F /* OBBilyonerTests */,
				7C62A5C02D5754EE00E25F4F /* OBBilyonerUITests */,
				7C62A59E2D5754EC00E25F4F /* Products */,
			);
			sourceTree = "<group>";
		};
		7C62A59E2D5754EC00E25F4F /* Products */ = {
			isa = PBXGroup;
			children = (
				7C62A59D2D5754EC00E25F4F /* OBBilyoner.app */,
				7C62A5B32D5754EE00E25F4F /* OBBilyonerTests.xctest */,
				7C62A5BD2D5754EE00E25F4F /* OBBilyonerUITests.xctest */,
			);
			name = Products;
			sourceTree = "<group>";
		};
		7C62A5D52D57599300E25F4F /* Resources */ = {
			isa = PBXGroup;
			children = (
				7C62A6E52D59489B00E25F4F /* Animations */,
				7C62A5D42D57599300E25F4F /* Assets.xcassets */,
			);
			path = Resources;
			sourceTree = "<group>";
		};
		7C62A5D92D57599300E25F4F /* SupportFiles */ = {
			isa = PBXGroup;
			children = (
				7C62A6F02D5A18BE00E25F4F /* Firebase */,
				7C62A5D62D57599300E25F4F /* AppDelegate.swift */,
				7C62A5D72D57599300E25F4F /* Info.plist */,
				7C62A5D82D57599300E25F4F /* SceneDelegate.swift */,
			);
			path = SupportFiles;
			sourceTree = "<group>";
		};
		7C62A5DF2D57599300E25F4F /* OBBilyoner */ = {
			isa = PBXGroup;
			children = (
				7C62A6E82D5A145300E25F4F /* Managers */,
				7C62A6E22D59487600E25F4F /* Base */,
				7C62A6B92D58A0D400E25F4F /* Extension */,
				7C62A6AC2D57AE4E00E25F4F /* Common */,
				7C62A69E2D577D0000E25F4F /* Models */,
				7C62A6972D577BC100E25F4F /* Utilities */,
				7C62A6902D577B0200E25F4F /* Api */,
				7C62A5E72D5759DB00E25F4F /* Main */,
				7C62A5D52D57599300E25F4F /* Resources */,
				7C62A5D92D57599300E25F4F /* SupportFiles */,
				7C62A5DB2D57599300E25F4F /* LaunchScreen.storyboard */,
				7C62A69C2D577C3300E25F4F /* OBConfig.xcconfig */,
			);
			path = OBBilyoner;
			sourceTree = "<group>";
		};
		7C62A5E72D5759DB00E25F4F /* Main */ = {
			isa = PBXGroup;
			children = (
				7C62A6F32D5A1FB100E25F4F /* Events */,
				7C62A5E82D575A4000E25F4F /* TabBar */,
				7C62A5EB2D575B0100E25F4F /* Home */,
				7C62A6CD2D58D77000E25F4F /* Basket */,
			);
			path = Main;
			sourceTree = "<group>";
		};
		7C62A5E82D575A4000E25F4F /* TabBar */ = {
			isa = PBXGroup;
			children = (
				7C62A5E92D575A4800E25F4F /* TabBarViewController.swift */,
			);
			path = TabBar;
			sourceTree = "<group>";
		};
		7C62A5EB2D575B0100E25F4F /* Home */ = {
			isa = PBXGroup;
			children = (
				7C62A6A92D57AE1600E25F4F /* ViewModel */,
				7C62A6A82D57AE0C00E25F4F /* View */,
			);
			path = Home;
			sourceTree = "<group>";
		};
		7C62A6902D577B0200E25F4F /* Api */ = {
			isa = PBXGroup;
			children = (
				7C62A6952D577B5200E25F4F /* APIError.swift */,
				7C62A6932D577B2B00E25F4F /* ApiClient.swift */,
				7C62A6912D577B1600E25F4F /* ApiRouter.swift */,
			);
			path = Api;
			sourceTree = "<group>";
		};
		7C62A6972D577BC100E25F4F /* Utilities */ = {
			isa = PBXGroup;
			children = (
				7C62A69A2D577BD400E25F4F /* Enviroment.swift */,
				7C62A6982D577BC900E25F4F /* Constants.swift */,
			);
			path = Utilities;
			sourceTree = "<group>";
		};
		7C62A69E2D577D0000E25F4F /* Models */ = {
			isa = PBXGroup;
			children = (
				7C62A6D42D58DEE200E25F4F /* BasketModel.swift */,
				7C62A6B72D587FC700E25F4F /* EventCategory.swift */,
				7C62A6A02D5788F600E25F4F /* Request */,
				7C62A69F2D5788EE00E25F4F /* Response */,
			);
			path = Models;
			sourceTree = "<group>";
		};
		7C62A69F2D5788EE00E25F4F /* Response */ = {
			isa = PBXGroup;
			children = (
				7C62A7002D5A2C0A00E25F4F /* EventResponse.swift */,
				7C62A6A42D578B0700E25F4F /* OddsResponse.swift */,
			);
			path = Response;
			sourceTree = "<group>";
		};
		7C62A6A02D5788F600E25F4F /* Request */ = {
			isa = PBXGroup;
			children = (
				7C62A6A22D57890500E25F4F /* OddsRequest.swift */,
			);
			path = Request;
			sourceTree = "<group>";
		};
		7C62A6A82D57AE0C00E25F4F /* View */ = {
			isa = PBXGroup;
			children = (
				7C62A6B22D587CAB00E25F4F /* Cells */,
				7C62A5EC2D575B2900E25F4F /* SelectedEventsViewController.swift */,
				7C62A5ED2D575B2900E25F4F /* SelectedEventsViewController.xib */,
			);
			path = View;
			sourceTree = "<group>";
		};
		7C62A6A92D57AE1600E25F4F /* ViewModel */ = {
			isa = PBXGroup;
			children = (
				7C62A6AA2D57AE1F00E25F4F /* SelectedEventsViewModel.swift */,
			);
			path = ViewModel;
			sourceTree = "<group>";
		};
		7C62A6AC2D57AE4E00E25F4F /* Common */ = {
			isa = PBXGroup;
			children = (
				7C62A6DF2D59481E00E25F4F /* Views */,
				7C62A6AD2D57AE5D00E25F4F /* ViewModelType.swift */,
			);
			path = Common;
			sourceTree = "<group>";
		};
		7C62A6B22D587CAB00E25F4F /* Cells */ = {
			isa = PBXGroup;
			children = (
				7C62A6B32D587CED00E25F4F /* EventsCollectionViewCell.swift */,
				7C62A6B42D587CED00E25F4F /* EventsCollectionViewCell.xib */,
				7C62A6DB2D59049000E25F4F /* OddTableViewCell.swift */,
				7C62A6DC2D59049000E25F4F /* OddTableViewCell.xib */,
			);
			path = Cells;
			sourceTree = "<group>";
		};
		7C62A6B92D58A0D400E25F4F /* Extension */ = {
			isa = PBXGroup;
			children = (
				7C62A7092D5A4DDA00E25F4F /* ColorExt.swift */,
				7C62A7052D5A453400E25F4F /* CollectionExt.swift */,
				7C62A6FA2D5A219200E25F4F /* StringExt.swift */,
				7C62A6D62D58EADB00E25F4F /* ArrayExt.swift */,
				7C62A6C42D58C36A00E25F4F /* UITableViewExt.swift */,
				7C62A6BE2D58AED600E25F4F /* NSObjectExt.swift */,
				7C62A6BC2D58AE8E00E25F4F /* UICollectionViewExt.swift */,
				7C62A6BA2D58A0FC00E25F4F /* ReactiveExt.swift */,
			);
			path = Extension;
			sourceTree = "<group>";
		};
		7C62A6CD2D58D77000E25F4F /* Basket */ = {
			isa = PBXGroup;
			children = (
				7C62A6D12D58D7E300E25F4F /* View */,
				7C62A6D02D58D7DB00E25F4F /* ViewModel */,
			);
			path = Basket;
			sourceTree = "<group>";
		};
		7C62A6D02D58D7DB00E25F4F /* ViewModel */ = {
			isa = PBXGroup;
			children = (
				7C62A6D22D58D7EE00E25F4F /* BasketViewModel.swift */,
			);
			path = ViewModel;
			sourceTree = "<group>";
		};
		7C62A6D12D58D7E300E25F4F /* View */ = {
			isa = PBXGroup;
			children = (
				7C62A6D82D58EEFB00E25F4F /* Cells */,
				7C62A6CE2D58D78500E25F4F /* BasketViewController.swift */,
			);
			path = View;
			sourceTree = "<group>";
		};
		7C62A6D82D58EEFB00E25F4F /* Cells */ = {
			isa = PBXGroup;
			children = (
				7C62A6D92D58EF0400E25F4F /* BasketEventCell.swift */,
			);
			path = Cells;
			sourceTree = "<group>";
		};
		7C62A6DF2D59481E00E25F4F /* Views */ = {
			isa = PBXGroup;
			children = (
				7CD784D12D5A8E0900119B3F /* EmptyDataView.swift */,
				7C62A6E02D59482700E25F4F /* LoadingView.swift */,
			);
			path = Views;
			sourceTree = "<group>";
		};
		7C62A6E22D59487600E25F4F /* Base */ = {
			isa = PBXGroup;
			children = (
				7C62A6E32D59487D00E25F4F /* BaseViewController.swift */,
			);
			path = Base;
			sourceTree = "<group>";
		};
		7C62A6E52D59489B00E25F4F /* Animations */ = {
			isa = PBXGroup;
			children = (
				7C62A6E62D5948F800E25F4F /* obLoading.json */,
			);
			path = Animations;
			sourceTree = "<group>";
		};
		7C62A6E82D5A145300E25F4F /* Managers */ = {
			isa = PBXGroup;
			children = (
				7C62A6EE2D5A15CE00E25F4F /* AnalyticsManager.swift */,
			);
			path = Managers;
			sourceTree = "<group>";
		};
		7C62A6F02D5A18BE00E25F4F /* Firebase */ = {
			isa = PBXGroup;
			children = (
				7C62A6F12D5A18CC00E25F4F /* GoogleService-Info.plist */,
			);
			path = Firebase;
			sourceTree = "<group>";
		};
		7C62A6F32D5A1FB100E25F4F /* Events */ = {
			isa = PBXGroup;
			children = (
				7C62A6F72D5A211E00E25F4F /* ViewModel */,
				7C62A6F62D5A211200E25F4F /* View */,
			);
			path = Events;
			sourceTree = "<group>";
		};
		7C62A6F62D5A211200E25F4F /* View */ = {
			isa = PBXGroup;
			children = (
				7C62A7022D5A320F00E25F4F /* Cells */,
				7C62A6FC2D5A26F900E25F4F /* EventsDetailViewController.swift */,
				7C62A6F42D5A208300E25F4F /* EventsViewController.swift */,
			);
			path = View;
			sourceTree = "<group>";
		};
		7C62A6F72D5A211E00E25F4F /* ViewModel */ = {
			isa = PBXGroup;
			children = (
				7C62A6FE2D5A270700E25F4F /* EventDetailViewModel.swift */,
				7C62A6F82D5A212600E25F4F /* EventViewModel.swift */,
			);
			path = ViewModel;
			sourceTree = "<group>";
		};
		7C62A7022D5A320F00E25F4F /* Cells */ = {
			isa = PBXGroup;
			children = (
				7C62A7032D5A321A00E25F4F /* EventTableViewCell.swift */,
			);
			path = Cells;
			sourceTree = "<group>";
		};
/* End PBXGroup section */

/* Begin PBXNativeTarget section */
		7C62A59C2D5754EC00E25F4F /* OBBilyoner */ = {
			isa = PBXNativeTarget;
			buildConfigurationList = 7C62A5C62D5754EE00E25F4F /* Build configuration list for PBXNativeTarget "OBBilyoner" */;
			buildPhases = (
				7C62A5992D5754EC00E25F4F /* Sources */,
				7C62A59A2D5754EC00E25F4F /* Frameworks */,
				7C62A59B2D5754EC00E25F4F /* Resources */,
			);
			buildRules = (
			);
			dependencies = (
			);
			name = OBBilyoner;
			packageProductDependencies = (
				7C62A68B2D577ACC00E25F4F /* Lottie */,
				7C62A68E2D577ADE00E25F4F /* Alamofire */,
				7C62A6B02D57C26D00E25F4F /* SnapKit */,
				7C62A6C72D58CB6C00E25F4F /* RxCocoa */,
				7C62A6C92D58CB6C00E25F4F /* RxRelay */,
				7C62A6CB2D58CB6C00E25F4F /* RxSwift */,
				7C62A6EA2D5A157A00E25F4F /* FirebaseAnalytics */,
				7C62A6EC2D5A157A00E25F4F /* FirebaseCrashlytics */,
			);
			productName = OBBilyoner;
			productReference = 7C62A59D2D5754EC00E25F4F /* OBBilyoner.app */;
			productType = "com.apple.product-type.application";
		};
		7C62A5B22D5754EE00E25F4F /* OBBilyonerTests */ = {
			isa = PBXNativeTarget;
			buildConfigurationList = 7C62A5CB2D5754EE00E25F4F /* Build configuration list for PBXNativeTarget "OBBilyonerTests" */;
			buildPhases = (
				7C62A5AF2D5754EE00E25F4F /* Sources */,
				7C62A5B02D5754EE00E25F4F /* Frameworks */,
				7C62A5B12D5754EE00E25F4F /* Resources */,
			);
			buildRules = (
			);
			dependencies = (
				7C62A5B52D5754EE00E25F4F /* PBXTargetDependency */,
			);
			fileSystemSynchronizedGroups = (
				7C62A5B62D5754EE00E25F4F /* OBBilyonerTests */,
			);
			name = OBBilyonerTests;
			packageProductDependencies = (
			);
			productName = OBBilyonerTests;
			productReference = 7C62A5B32D5754EE00E25F4F /* OBBilyonerTests.xctest */;
			productType = "com.apple.product-type.bundle.unit-test";
		};
		7C62A5BC2D5754EE00E25F4F /* OBBilyonerUITests */ = {
			isa = PBXNativeTarget;
			buildConfigurationList = 7C62A5CE2D5754EE00E25F4F /* Build configuration list for PBXNativeTarget "OBBilyonerUITests" */;
			buildPhases = (
				7C62A5B92D5754EE00E25F4F /* Sources */,
				7C62A5BA2D5754EE00E25F4F /* Frameworks */,
				7C62A5BB2D5754EE00E25F4F /* Resources */,
			);
			buildRules = (
			);
			dependencies = (
				7C62A5BF2D5754EE00E25F4F /* PBXTargetDependency */,
			);
			fileSystemSynchronizedGroups = (
				7C62A5C02D5754EE00E25F4F /* OBBilyonerUITests */,
			);
			name = OBBilyonerUITests;
			packageProductDependencies = (
			);
			productName = OBBilyonerUITests;
			productReference = 7C62A5BD2D5754EE00E25F4F /* OBBilyonerUITests.xctest */;
			productType = "com.apple.product-type.bundle.ui-testing";
		};
/* End PBXNativeTarget section */

/* Begin PBXProject section */
		7C62A5952D5754EC00E25F4F /* Project object */ = {
			isa = PBXProject;
			attributes = {
				BuildIndependentTargetsInParallel = 1;
				LastSwiftUpdateCheck = 1620;
				LastUpgradeCheck = 1620;
				TargetAttributes = {
					7C62A59C2D5754EC00E25F4F = {
						CreatedOnToolsVersion = 16.2;
					};
					7C62A5B22D5754EE00E25F4F = {
						CreatedOnToolsVersion = 16.2;
						TestTargetID = 7C62A59C2D5754EC00E25F4F;
					};
					7C62A5BC2D5754EE00E25F4F = {
						CreatedOnToolsVersion = 16.2;
						TestTargetID = 7C62A59C2D5754EC00E25F4F;
					};
				};
			};
			buildConfigurationList = 7C62A5982D5754EC00E25F4F /* Build configuration list for PBXProject "OBBilyoner" */;
			developmentRegion = en;
			hasScannedForEncodings = 0;
			knownRegions = (
				en,
				Base,
			);
			mainGroup = 7C62A5942D5754EC00E25F4F;
			minimizedProjectReferenceProxies = 1;
			packageReferences = (
				7C62A68A2D577ACC00E25F4F /* XCRemoteSwiftPackageReference "lottie-spm" */,
				7C62A68D2D577ADE00E25F4F /* XCRemoteSwiftPackageReference "Alamofire" */,
				7C62A6AF2D57C26D00E25F4F /* XCRemoteSwiftPackageReference "SnapKit" */,
				7C62A6C62D58CB6B00E25F4F /* XCRemoteSwiftPackageReference "RxSwift" */,
				7C62A6E92D5A157A00E25F4F /* XCRemoteSwiftPackageReference "firebase-ios-sdk" */,
			);
			preferredProjectObjectVersion = 77;
			productRefGroup = 7C62A59E2D5754EC00E25F4F /* Products */;
			projectDirPath = "";
			projectRoot = "";
			targets = (
				7C62A59C2D5754EC00E25F4F /* OBBilyoner */,
				7C62A5B22D5754EE00E25F4F /* OBBilyonerTests */,
				7C62A5BC2D5754EE00E25F4F /* OBBilyonerUITests */,
			);
		};
/* End PBXProject section */

/* Begin PBXResourcesBuildPhase section */
		7C62A59B2D5754EC00E25F4F /* Resources */ = {
			isa = PBXResourcesBuildPhase;
			buildActionMask = 2147483647;
			files = (
				7C62A5E02D57599300E25F4F /* Assets.xcassets in Resources */,
				7C62A6F22D5A18CC00E25F4F /* GoogleService-Info.plist in Resources */,
				7C62A5E22D57599300E25F4F /* LaunchScreen.storyboard in Resources */,
				7C62A5EE2D575B2900E25F4F /* SelectedEventsViewController.xib in Resources */,
				7C62A6B52D587CED00E25F4F /* EventsCollectionViewCell.xib in Resources */,
				7C62A6E72D5948F800E25F4F /* obLoading.json in Resources */,
				7C62A69D2D577C3300E25F4F /* OBConfig.xcconfig in Resources */,
				7C62A6DD2D59049000E25F4F /* OddTableViewCell.xib in Resources */,
			);
			runOnlyForDeploymentPostprocessing = 0;
		};
		7C62A5B12D5754EE00E25F4F /* Resources */ = {
			isa = PBXResourcesBuildPhase;
			buildActionMask = 2147483647;
			files = (
			);
			runOnlyForDeploymentPostprocessing = 0;
		};
		7C62A5BB2D5754EE00E25F4F /* Resources */ = {
			isa = PBXResourcesBuildPhase;
			buildActionMask = 2147483647;
			files = (
			);
			runOnlyForDeploymentPostprocessing = 0;
		};
/* End PBXResourcesBuildPhase section */

/* Begin PBXSourcesBuildPhase section */
		7C62A5992D5754EC00E25F4F /* Sources */ = {
			isa = PBXSourcesBuildPhase;
			buildActionMask = 2147483647;
			files = (
				7C62A6BB2D58A10200E25F4F /* ReactiveExt.swift in Sources */,
				7C62A5EF2D575B2900E25F4F /* SelectedEventsViewController.swift in Sources */,
				7C62A5E42D57599300E25F4F /* AppDelegate.swift in Sources */,
				7C62A6F52D5A208E00E25F4F /* EventsViewController.swift in Sources */,
				7C62A6FD2D5A270300E25F4F /* EventsDetailViewController.swift in Sources */,
				7C62A6D32D58D7F300E25F4F /* BasketViewModel.swift in Sources */,
				7C62A6BF2D58AEDF00E25F4F /* NSObjectExt.swift in Sources */,
				7C62A6FB2D5A219700E25F4F /* StringExt.swift in Sources */,
				7C62A6E42D59488200E25F4F /* BaseViewController.swift in Sources */,
				7C62A6922D577B1C00E25F4F /* ApiRouter.swift in Sources */,
				7C62A6A32D57891200E25F4F /* OddsRequest.swift in Sources */,
				7C62A7062D5A453A00E25F4F /* CollectionExt.swift in Sources */,
				7C62A6EF2D5A15DA00E25F4F /* AnalyticsManager.swift in Sources */,
				7C62A5E52D57599300E25F4F /* SceneDelegate.swift in Sources */,
				7C62A6B82D587FD800E25F4F /* EventCategory.swift in Sources */,
				7C62A6CF2D58D78F00E25F4F /* BasketViewController.swift in Sources */,
				7C62A6F92D5A212B00E25F4F /* EventViewModel.swift in Sources */,
				7C62A6962D577B6300E25F4F /* APIError.swift in Sources */,
				7C62A6FF2D5A271000E25F4F /* EventDetailViewModel.swift in Sources */,
				7C62A7042D5A322A00E25F4F /* EventTableViewCell.swift in Sources */,
				7C62A6E12D59482B00E25F4F /* LoadingView.swift in Sources */,
				7C62A69B2D577BDB00E25F4F /* Enviroment.swift in Sources */,
				7C62A5EA2D575A5400E25F4F /* TabBarViewController.swift in Sources */,
				7C62A6A52D578B1000E25F4F /* OddsResponse.swift in Sources */,
				7C62A70A2D5A4DDE00E25F4F /* ColorExt.swift in Sources */,
				7C62A6DA2D58EF0B00E25F4F /* BasketEventCell.swift in Sources */,
				7C62A6942D577B3300E25F4F /* ApiClient.swift in Sources */,
				7C62A6BD2D58AE9800E25F4F /* UICollectionViewExt.swift in Sources */,
				7C62A6D72D58EADF00E25F4F /* ArrayExt.swift in Sources */,
				7C62A6992D577BCF00E25F4F /* Constants.swift in Sources */,
				7CD784D22D5A8E6100119B3F /* EmptyDataView.swift in Sources */,
				7C62A7012D5A2C1000E25F4F /* EventResponse.swift in Sources */,
				7C62A6D52D58DEE700E25F4F /* BasketModel.swift in Sources */,
				7C62A6B62D587CED00E25F4F /* EventsCollectionViewCell.swift in Sources */,
				7C62A6C52D58C37600E25F4F /* UITableViewExt.swift in Sources */,
				7C62A6DE2D59049000E25F4F /* OddTableViewCell.swift in Sources */,
				7C62A6AB2D57AE2400E25F4F /* SelectedEventsViewModel.swift in Sources */,
				7C62A6AE2D57AE6400E25F4F /* ViewModelType.swift in Sources */,
			);
			runOnlyForDeploymentPostprocessing = 0;
		};
		7C62A5AF2D5754EE00E25F4F /* Sources */ = {
			isa = PBXSourcesBuildPhase;
			buildActionMask = 2147483647;
			files = (
			);
			runOnlyForDeploymentPostprocessing = 0;
		};
		7C62A5B92D5754EE00E25F4F /* Sources */ = {
			isa = PBXSourcesBuildPhase;
			buildActionMask = 2147483647;
			files = (
			);
			runOnlyForDeploymentPostprocessing = 0;
		};
/* End PBXSourcesBuildPhase section */

/* Begin PBXTargetDependency section */
		7C62A5B52D5754EE00E25F4F /* PBXTargetDependency */ = {
			isa = PBXTargetDependency;
			target = 7C62A59C2D5754EC00E25F4F /* OBBilyoner */;
			targetProxy = 7C62A5B42D5754EE00E25F4F /* PBXContainerItemProxy */;
		};
		7C62A5BF2D5754EE00E25F4F /* PBXTargetDependency */ = {
			isa = PBXTargetDependency;
			target = 7C62A59C2D5754EC00E25F4F /* OBBilyoner */;
			targetProxy = 7C62A5BE2D5754EE00E25F4F /* PBXContainerItemProxy */;
		};
/* End PBXTargetDependency section */

/* Begin PBXVariantGroup section */
		7C62A5DB2D57599300E25F4F /* LaunchScreen.storyboard */ = {
			isa = PBXVariantGroup;
			children = (
				7C62A5DA2D57599300E25F4F /* Base */,
			);
			name = LaunchScreen.storyboard;
			sourceTree = "<group>";
		};
/* End PBXVariantGroup section */

/* Begin XCBuildConfiguration section */
		7C62A5C72D5754EE00E25F4F /* Debug */ = {
			isa = XCBuildConfiguration;
			baseConfigurationReference = 7C62A69C2D577C3300E25F4F /* OBConfig.xcconfig */;
			buildSettings = {
				ASSETCATALOG_COMPILER_APPICON_NAME = AppIcon;
				ASSETCATALOG_COMPILER_GLOBAL_ACCENT_COLOR_NAME = AccentColor;
				CODE_SIGN_STYLE = Automatic;
				CURRENT_PROJECT_VERSION = 1;
				DEVELOPMENT_TEAM = C2376DM4KF;
				GENERATE_INFOPLIST_FILE = YES;
				INFOPLIST_FILE = OBBilyoner/SupportFiles/Info.plist;
				INFOPLIST_KEY_UIApplicationSupportsIndirectInputEvents = YES;
				INFOPLIST_KEY_UILaunchStoryboardName = LaunchScreen;
				INFOPLIST_KEY_UISupportedInterfaceOrientations_iPad = "UIInterfaceOrientationPortrait UIInterfaceOrientationPortraitUpsideDown UIInterfaceOrientationLandscapeLeft UIInterfaceOrientationLandscapeRight";
				INFOPLIST_KEY_UISupportedInterfaceOrientations_iPhone = "UIInterfaceOrientationPortrait UIInterfaceOrientationLandscapeLeft UIInterfaceOrientationLandscapeRight";
				IPHONEOS_DEPLOYMENT_TARGET = 18.0;
				LD_RUNPATH_SEARCH_PATHS = (
					"$(inherited)",
					"@executable_path/Frameworks",
				);
				MARKETING_VERSION = 1.0;
				PRODUCT_BUNDLE_IDENTIFIER = com.ozkan.OBBilyoner;
				PRODUCT_NAME = "$(TARGET_NAME)";
				SWIFT_EMIT_LOC_STRINGS = YES;
				SWIFT_VERSION = 5.0;
				TARGETED_DEVICE_FAMILY = "1,2";
			};
			name = Debug;
		};
		7C62A5C82D5754EE00E25F4F /* Release */ = {
			isa = XCBuildConfiguration;
			baseConfigurationReference = 7C62A69C2D577C3300E25F4F /* OBConfig.xcconfig */;
			buildSettings = {
				ASSETCATALOG_COMPILER_APPICON_NAME = AppIcon;
				ASSETCATALOG_COMPILER_GLOBAL_ACCENT_COLOR_NAME = AccentColor;
				CODE_SIGN_STYLE = Automatic;
				CURRENT_PROJECT_VERSION = 1;
				DEVELOPMENT_TEAM = C2376DM4KF;
				GENERATE_INFOPLIST_FILE = YES;
				INFOPLIST_FILE = OBBilyoner/SupportFiles/Info.plist;
				INFOPLIST_KEY_UIApplicationSupportsIndirectInputEvents = YES;
				INFOPLIST_KEY_UILaunchStoryboardName = LaunchScreen;
				INFOPLIST_KEY_UISupportedInterfaceOrientations_iPad = "UIInterfaceOrientationPortrait UIInterfaceOrientationPortraitUpsideDown UIInterfaceOrientationLandscapeLeft UIInterfaceOrientationLandscapeRight";
				INFOPLIST_KEY_UISupportedInterfaceOrientations_iPhone = "UIInterfaceOrientationPortrait UIInterfaceOrientationLandscapeLeft UIInterfaceOrientationLandscapeRight";
				IPHONEOS_DEPLOYMENT_TARGET = 18.0;
				LD_RUNPATH_SEARCH_PATHS = (
					"$(inherited)",
					"@executable_path/Frameworks",
				);
				MARKETING_VERSION = 1.0;
				PRODUCT_BUNDLE_IDENTIFIER = com.ozkan.OBBilyoner;
				PRODUCT_NAME = "$(TARGET_NAME)";
				SWIFT_EMIT_LOC_STRINGS = YES;
				SWIFT_VERSION = 5.0;
				TARGETED_DEVICE_FAMILY = "1,2";
			};
			name = Release;
		};
		7C62A5C92D5754EE00E25F4F /* Debug */ = {
			isa = XCBuildConfiguration;
			buildSettings = {
				ALWAYS_SEARCH_USER_PATHS = NO;
				ASSETCATALOG_COMPILER_GENERATE_SWIFT_ASSET_SYMBOL_EXTENSIONS = YES;
				CLANG_ANALYZER_NONNULL = YES;
				CLANG_ANALYZER_NUMBER_OBJECT_CONVERSION = YES_AGGRESSIVE;
				CLANG_CXX_LANGUAGE_STANDARD = "gnu++20";
				CLANG_ENABLE_MODULES = YES;
				CLANG_ENABLE_OBJC_ARC = YES;
				CLANG_ENABLE_OBJC_WEAK = YES;
				CLANG_WARN_BLOCK_CAPTURE_AUTORELEASING = YES;
				CLANG_WARN_BOOL_CONVERSION = YES;
				CLANG_WARN_COMMA = YES;
				CLANG_WARN_CONSTANT_CONVERSION = YES;
				CLANG_WARN_DEPRECATED_OBJC_IMPLEMENTATIONS = YES;
				CLANG_WARN_DIRECT_OBJC_ISA_USAGE = YES_ERROR;
				CLANG_WARN_DOCUMENTATION_COMMENTS = YES;
				CLANG_WARN_EMPTY_BODY = YES;
				CLANG_WARN_ENUM_CONVERSION = YES;
				CLANG_WARN_INFINITE_RECURSION = YES;
				CLANG_WARN_INT_CONVERSION = YES;
				CLANG_WARN_NON_LITERAL_NULL_CONVERSION = YES;
				CLANG_WARN_OBJC_IMPLICIT_RETAIN_SELF = YES;
				CLANG_WARN_OBJC_LITERAL_CONVERSION = YES;
				CLANG_WARN_OBJC_ROOT_CLASS = YES_ERROR;
				CLANG_WARN_QUOTED_INCLUDE_IN_FRAMEWORK_HEADER = YES;
				CLANG_WARN_RANGE_LOOP_ANALYSIS = YES;
				CLANG_WARN_STRICT_PROTOTYPES = YES;
				CLANG_WARN_SUSPICIOUS_MOVE = YES;
				CLANG_WARN_UNGUARDED_AVAILABILITY = YES_AGGRESSIVE;
				CLANG_WARN_UNREACHABLE_CODE = YES;
				CLANG_WARN__DUPLICATE_METHOD_MATCH = YES;
				COPY_PHASE_STRIP = NO;
				DEBUG_INFORMATION_FORMAT = dwarf;
				ENABLE_STRICT_OBJC_MSGSEND = YES;
				ENABLE_TESTABILITY = YES;
				ENABLE_USER_SCRIPT_SANDBOXING = YES;
				GCC_C_LANGUAGE_STANDARD = gnu17;
				GCC_DYNAMIC_NO_PIC = NO;
				GCC_NO_COMMON_BLOCKS = YES;
				GCC_OPTIMIZATION_LEVEL = 0;
				GCC_PREPROCESSOR_DEFINITIONS = (
					"DEBUG=1",
					"$(inherited)",
				);
				GCC_WARN_64_TO_32_BIT_CONVERSION = YES;
				GCC_WARN_ABOUT_RETURN_TYPE = YES_ERROR;
				GCC_WARN_UNDECLARED_SELECTOR = YES;
				GCC_WARN_UNINITIALIZED_AUTOS = YES_AGGRESSIVE;
				GCC_WARN_UNUSED_FUNCTION = YES;
				GCC_WARN_UNUSED_VARIABLE = YES;
				IPHONEOS_DEPLOYMENT_TARGET = 18.2;
				LOCALIZATION_PREFERS_STRING_CATALOGS = YES;
				MTL_ENABLE_DEBUG_INFO = INCLUDE_SOURCE;
				MTL_FAST_MATH = YES;
				ONLY_ACTIVE_ARCH = YES;
				SDKROOT = iphoneos;
				SWIFT_ACTIVE_COMPILATION_CONDITIONS = "DEBUG $(inherited)";
				SWIFT_OPTIMIZATION_LEVEL = "-Onone";
			};
			name = Debug;
		};
		7C62A5CA2D5754EE00E25F4F /* Release */ = {
			isa = XCBuildConfiguration;
			buildSettings = {
				ALWAYS_SEARCH_USER_PATHS = NO;
				ASSETCATALOG_COMPILER_GENERATE_SWIFT_ASSET_SYMBOL_EXTENSIONS = YES;
				CLANG_ANALYZER_NONNULL = YES;
				CLANG_ANALYZER_NUMBER_OBJECT_CONVERSION = YES_AGGRESSIVE;
				CLANG_CXX_LANGUAGE_STANDARD = "gnu++20";
				CLANG_ENABLE_MODULES = YES;
				CLANG_ENABLE_OBJC_ARC = YES;
				CLANG_ENABLE_OBJC_WEAK = YES;
				CLANG_WARN_BLOCK_CAPTURE_AUTORELEASING = YES;
				CLANG_WARN_BOOL_CONVERSION = YES;
				CLANG_WARN_COMMA = YES;
				CLANG_WARN_CONSTANT_CONVERSION = YES;
				CLANG_WARN_DEPRECATED_OBJC_IMPLEMENTATIONS = YES;
				CLANG_WARN_DIRECT_OBJC_ISA_USAGE = YES_ERROR;
				CLANG_WARN_DOCUMENTATION_COMMENTS = YES;
				CLANG_WARN_EMPTY_BODY = YES;
				CLANG_WARN_ENUM_CONVERSION = YES;
				CLANG_WARN_INFINITE_RECURSION = YES;
				CLANG_WARN_INT_CONVERSION = YES;
				CLANG_WARN_NON_LITERAL_NULL_CONVERSION = YES;
				CLANG_WARN_OBJC_IMPLICIT_RETAIN_SELF = YES;
				CLANG_WARN_OBJC_LITERAL_CONVERSION = YES;
				CLANG_WARN_OBJC_ROOT_CLASS = YES_ERROR;
				CLANG_WARN_QUOTED_INCLUDE_IN_FRAMEWORK_HEADER = YES;
				CLANG_WARN_RANGE_LOOP_ANALYSIS = YES;
				CLANG_WARN_STRICT_PROTOTYPES = YES;
				CLANG_WARN_SUSPICIOUS_MOVE = YES;
				CLANG_WARN_UNGUARDED_AVAILABILITY = YES_AGGRESSIVE;
				CLANG_WARN_UNREACHABLE_CODE = YES;
				CLANG_WARN__DUPLICATE_METHOD_MATCH = YES;
				COPY_PHASE_STRIP = NO;
				DEBUG_INFORMATION_FORMAT = "dwarf-with-dsym";
				ENABLE_NS_ASSERTIONS = NO;
				ENABLE_STRICT_OBJC_MSGSEND = YES;
				ENABLE_USER_SCRIPT_SANDBOXING = YES;
				GCC_C_LANGUAGE_STANDARD = gnu17;
				GCC_NO_COMMON_BLOCKS = YES;
				GCC_WARN_64_TO_32_BIT_CONVERSION = YES;
				GCC_WARN_ABOUT_RETURN_TYPE = YES_ERROR;
				GCC_WARN_UNDECLARED_SELECTOR = YES;
				GCC_WARN_UNINITIALIZED_AUTOS = YES_AGGRESSIVE;
				GCC_WARN_UNUSED_FUNCTION = YES;
				GCC_WARN_UNUSED_VARIABLE = YES;
				IPHONEOS_DEPLOYMENT_TARGET = 18.2;
				LOCALIZATION_PREFERS_STRING_CATALOGS = YES;
				MTL_ENABLE_DEBUG_INFO = NO;
				MTL_FAST_MATH = YES;
				SDKROOT = iphoneos;
				SWIFT_COMPILATION_MODE = wholemodule;
				VALIDATE_PRODUCT = YES;
			};
			name = Release;
		};
		7C62A5CC2D5754EE00E25F4F /* Debug */ = {
			isa = XCBuildConfiguration;
			buildSettings = {
				BUNDLE_LOADER = "$(TEST_HOST)";
				CODE_SIGN_STYLE = Automatic;
				CURRENT_PROJECT_VERSION = 1;
				DEVELOPMENT_TEAM = C2376DM4KF;
				GENERATE_INFOPLIST_FILE = YES;
				IPHONEOS_DEPLOYMENT_TARGET = 18.2;
				MARKETING_VERSION = 1.0;
				PRODUCT_BUNDLE_IDENTIFIER = com.ozkan.OBBilyonerTests;
				PRODUCT_NAME = "$(TARGET_NAME)";
				SWIFT_EMIT_LOC_STRINGS = NO;
				SWIFT_VERSION = 5.0;
				TARGETED_DEVICE_FAMILY = "1,2";
				TEST_HOST = "$(BUILT_PRODUCTS_DIR)/OBBilyoner.app/$(BUNDLE_EXECUTABLE_FOLDER_PATH)/OBBilyoner";
			};
			name = Debug;
		};
		7C62A5CD2D5754EE00E25F4F /* Release */ = {
			isa = XCBuildConfiguration;
			buildSettings = {
				BUNDLE_LOADER = "$(TEST_HOST)";
				CODE_SIGN_STYLE = Automatic;
				CURRENT_PROJECT_VERSION = 1;
				DEVELOPMENT_TEAM = C2376DM4KF;
				GENERATE_INFOPLIST_FILE = YES;
				IPHONEOS_DEPLOYMENT_TARGET = 18.2;
				MARKETING_VERSION = 1.0;
				PRODUCT_BUNDLE_IDENTIFIER = com.ozkan.OBBilyonerTests;
				PRODUCT_NAME = "$(TARGET_NAME)";
				SWIFT_EMIT_LOC_STRINGS = NO;
				SWIFT_VERSION = 5.0;
				TARGETED_DEVICE_FAMILY = "1,2";
				TEST_HOST = "$(BUILT_PRODUCTS_DIR)/OBBilyoner.app/$(BUNDLE_EXECUTABLE_FOLDER_PATH)/OBBilyoner";
			};
			name = Release;
		};
		7C62A5CF2D5754EE00E25F4F /* Debug */ = {
			isa = XCBuildConfiguration;
			buildSettings = {
				CODE_SIGN_STYLE = Automatic;
				CURRENT_PROJECT_VERSION = 1;
				DEVELOPMENT_TEAM = C2376DM4KF;
				GENERATE_INFOPLIST_FILE = YES;
				MARKETING_VERSION = 1.0;
				PRODUCT_BUNDLE_IDENTIFIER = com.ozkan.OBBilyonerUITests;
				PRODUCT_NAME = "$(TARGET_NAME)";
				SWIFT_EMIT_LOC_STRINGS = NO;
				SWIFT_VERSION = 5.0;
				TARGETED_DEVICE_FAMILY = "1,2";
				TEST_TARGET_NAME = OBBilyoner;
			};
			name = Debug;
		};
		7C62A5D02D5754EE00E25F4F /* Release */ = {
			isa = XCBuildConfiguration;
			buildSettings = {
				CODE_SIGN_STYLE = Automatic;
				CURRENT_PROJECT_VERSION = 1;
				DEVELOPMENT_TEAM = C2376DM4KF;
				GENERATE_INFOPLIST_FILE = YES;
				MARKETING_VERSION = 1.0;
				PRODUCT_BUNDLE_IDENTIFIER = com.ozkan.OBBilyonerUITests;
				PRODUCT_NAME = "$(TARGET_NAME)";
				SWIFT_EMIT_LOC_STRINGS = NO;
				SWIFT_VERSION = 5.0;
				TARGETED_DEVICE_FAMILY = "1,2";
				TEST_TARGET_NAME = OBBilyoner;
			};
			name = Release;
		};
/* End XCBuildConfiguration section */

/* Begin XCConfigurationList section */
		7C62A5982D5754EC00E25F4F /* Build configuration list for PBXProject "OBBilyoner" */ = {
			isa = XCConfigurationList;
			buildConfigurations = (
				7C62A5C92D5754EE00E25F4F /* Debug */,
				7C62A5CA2D5754EE00E25F4F /* Release */,
			);
			defaultConfigurationIsVisible = 0;
			defaultConfigurationName = Release;
		};
		7C62A5C62D5754EE00E25F4F /* Build configuration list for PBXNativeTarget "OBBilyoner" */ = {
			isa = XCConfigurationList;
			buildConfigurations = (
				7C62A5C72D5754EE00E25F4F /* Debug */,
				7C62A5C82D5754EE00E25F4F /* Release */,
			);
			defaultConfigurationIsVisible = 0;
			defaultConfigurationName = Release;
		};
		7C62A5CB2D5754EE00E25F4F /* Build configuration list for PBXNativeTarget "OBBilyonerTests" */ = {
			isa = XCConfigurationList;
			buildConfigurations = (
				7C62A5CC2D5754EE00E25F4F /* Debug */,
				7C62A5CD2D5754EE00E25F4F /* Release */,
			);
			defaultConfigurationIsVisible = 0;
			defaultConfigurationName = Release;
		};
		7C62A5CE2D5754EE00E25F4F /* Build configuration list for PBXNativeTarget "OBBilyonerUITests" */ = {
			isa = XCConfigurationList;
			buildConfigurations = (
				7C62A5CF2D5754EE00E25F4F /* Debug */,
				7C62A5D02D5754EE00E25F4F /* Release */,
			);
			defaultConfigurationIsVisible = 0;
			defaultConfigurationName = Release;
		};
/* End XCConfigurationList section */

/* Begin XCRemoteSwiftPackageReference section */
		7C62A68A2D577ACC00E25F4F /* XCRemoteSwiftPackageReference "lottie-spm" */ = {
			isa = XCRemoteSwiftPackageReference;
			repositoryURL = "https://github.com/airbnb/lottie-spm.git";
			requirement = {
				kind = upToNextMajorVersion;
				minimumVersion = 4.5.1;
			};
		};
		7C62A68D2D577ADE00E25F4F /* XCRemoteSwiftPackageReference "Alamofire" */ = {
			isa = XCRemoteSwiftPackageReference;
			repositoryURL = "https://github.com/Alamofire/Alamofire.git";
			requirement = {
				kind = upToNextMajorVersion;
				minimumVersion = 5.10.2;
			};
		};
		7C62A6AF2D57C26D00E25F4F /* XCRemoteSwiftPackageReference "SnapKit" */ = {
			isa = XCRemoteSwiftPackageReference;
			repositoryURL = "https://github.com/SnapKit/SnapKit.git";
			requirement = {
				kind = upToNextMajorVersion;
				minimumVersion = 5.7.1;
			};
		};
		7C62A6C62D58CB6B00E25F4F /* XCRemoteSwiftPackageReference "RxSwift" */ = {
			isa = XCRemoteSwiftPackageReference;
			repositoryURL = "https://github.com/ReactiveX/RxSwift.git";
			requirement = {
				kind = upToNextMajorVersion;
				minimumVersion = 6.8.0;
			};
		};
		7C62A6E92D5A157A00E25F4F /* XCRemoteSwiftPackageReference "firebase-ios-sdk" */ = {
			isa = XCRemoteSwiftPackageReference;
			repositoryURL = "https://github.com/firebase/firebase-ios-sdk.git";
			requirement = {
				kind = upToNextMajorVersion;
				minimumVersion = 11.8.1;
			};
		};
/* End XCRemoteSwiftPackageReference section */

/* Begin XCSwiftPackageProductDependency section */
		7C62A68B2D577ACC00E25F4F /* Lottie */ = {
			isa = XCSwiftPackageProductDependency;
			package = 7C62A68A2D577ACC00E25F4F /* XCRemoteSwiftPackageReference "lottie-spm" */;
			productName = Lottie;
		};
		7C62A68E2D577ADE00E25F4F /* Alamofire */ = {
			isa = XCSwiftPackageProductDependency;
			package = 7C62A68D2D577ADE00E25F4F /* XCRemoteSwiftPackageReference "Alamofire" */;
			productName = Alamofire;
		};
		7C62A6B02D57C26D00E25F4F /* SnapKit */ = {
			isa = XCSwiftPackageProductDependency;
			package = 7C62A6AF2D57C26D00E25F4F /* XCRemoteSwiftPackageReference "SnapKit" */;
			productName = SnapKit;
		};
		7C62A6C72D58CB6C00E25F4F /* RxCocoa */ = {
			isa = XCSwiftPackageProductDependency;
			package = 7C62A6C62D58CB6B00E25F4F /* XCRemoteSwiftPackageReference "RxSwift" */;
			productName = RxCocoa;
		};
		7C62A6C92D58CB6C00E25F4F /* RxRelay */ = {
			isa = XCSwiftPackageProductDependency;
			package = 7C62A6C62D58CB6B00E25F4F /* XCRemoteSwiftPackageReference "RxSwift" */;
			productName = RxRelay;
		};
		7C62A6CB2D58CB6C00E25F4F /* RxSwift */ = {
			isa = XCSwiftPackageProductDependency;
			package = 7C62A6C62D58CB6B00E25F4F /* XCRemoteSwiftPackageReference "RxSwift" */;
			productName = RxSwift;
		};
		7C62A6EA2D5A157A00E25F4F /* FirebaseAnalytics */ = {
			isa = XCSwiftPackageProductDependency;
			package = 7C62A6E92D5A157A00E25F4F /* XCRemoteSwiftPackageReference "firebase-ios-sdk" */;
			productName = FirebaseAnalytics;
		};
		7C62A6EC2D5A157A00E25F4F /* FirebaseCrashlytics */ = {
			isa = XCSwiftPackageProductDependency;
			package = 7C62A6E92D5A157A00E25F4F /* XCRemoteSwiftPackageReference "firebase-ios-sdk" */;
			productName = FirebaseCrashlytics;
		};
/* End XCSwiftPackageProductDependency section */
	};
	rootObject = 7C62A5952D5754EC00E25F4F /* Project object */;
}
